
Microsoft Visual Studio Solution File, Format Version 12.00
# Visual Studio Version 16
VisualStudioVersion = 16.0.28803.352
MinimumVisualStudioVersion = 10.0.40219.1
Project("{FAE04EC0-301F-11D3-BF4B-00C04F79EFBC}") = "YMDLL", "YMDLL\YMDLL.csproj", "{FF06CFC9-4A33-420D-A6CE-809BEEC4F70D}"
EndProject
Project("{FAE04EC0-301F-11D3-BF4B-00C04F79EFBC}") = "CKFinder.Net", "ckfinder\_source\CKFinder.Net.csproj", "{C5376ADF-309A-48DE-904C-B1FE1965C370}"
EndProject
Project("{2150E333-8FDC-42A3-9474-1A3956D46DE8}") = "01-SDK", "01-SDK", "{BEE819FE-1960-4AAD-869F-A83ADF8D232A}"
EndProject
Project("{2150E333-8FDC-42A3-9474-1A3956D46DE8}") = "02-PilotDataUtil", "02-PilotDataUtil", "{955AAE89-EEE6-4C1E-BD8B-C0A52CC5C70C}"
EndProject
Project("{FAE04EC0-301F-11D3-BF4B-00C04F79EFBC}") = "PilotData", "PilotData\PilotData.csproj", "{A5518101-1F16-4B67-AB09-44B29249DDFE}"
EndProject
Project("{FAE04EC0-301F-11D3-BF4B-00C04F79EFBC}") = "AgencyEntity", "AgencyEntity\AgencyEntity.csproj", "{97BBE203-90D8-4B61-B396-506028239731}"
EndProject
Project("{FAE04EC0-301F-11D3-BF4B-00C04F79EFBC}") = "PilotDataConsole", "PilotDataConsole\PilotDataConsole.csproj", "{BC021BAE-7F9C-4281-9BCA-E06FF91E5969}"
	ProjectSection(ProjectDependencies) = postProject
		{9B07F300-3CC5-4F95-827C-1BDCEBD288E0} = {9B07F300-3CC5-4F95-827C-1BDCEBD288E0}
		{0E0DF1AF-7F6F-4F30-A885-4BF82927B2FE} = {0E0DF1AF-7F6F-4F30-A885-4BF82927B2FE}
	EndProjectSection
EndProject
Project("{FAE04EC0-301F-11D3-BF4B-00C04F79EFBC}") = "Model", "Model\Model.csproj", "{A253F817-FA36-46CE-8995-E9BE7FF74371}"
EndProject
Project("{FAE04EC0-301F-11D3-BF4B-00C04F79EFBC}") = "Entity_Base", "Entity_Base\Entity_Base.csproj", "{9B07F300-3CC5-4F95-827C-1BDCEBD288E0}"
EndProject
Project("{FAE04EC0-301F-11D3-BF4B-00C04F79EFBC}") = "Entity_ToYM", "Entity_ToYM\Entity_ToYM.csproj", "{FDC5E24C-74A0-4E7E-9472-5ED92D75638E}"
EndProject
Project("{FAE04EC0-301F-11D3-BF4B-00C04F79EFBC}") = "AgencyToERP_PHP", "AgencyToERP_PHP\AgencyToERP_PHP.csproj", "{0E0DF1AF-7F6F-4F30-A885-4BF82927B2FE}"
EndProject
Project("{FAE04EC0-301F-11D3-BF4B-00C04F79EFBC}") = "PilotDataConsoleT3", "PilotDataConsoleT3\PilotDataConsoleT3.csproj", "{5BFF909B-3EC0-4855-A6B7-309685C719FF}"
EndProject
Project("{FAE04EC0-301F-11D3-BF4B-00C04F79EFBC}") = "HzlyToERP3_PHP", "HzlyToERP3_PHP\HzlyToERP3_PHP.csproj", "{22CB362E-0B63-4A27-BF2C-FA7528C56982}"
EndProject
Project("{FAE04EC0-301F-11D3-BF4B-00C04F79EFBC}") = "PilotData_Hzly", "PilotData_Hzly\PilotData_Hzly.csproj", "{A326E46B-19E9-4F53-87FE-7F5D864E71F1}"
EndProject
Project("{FAE04EC0-301F-11D3-BF4B-00C04F79EFBC}") = "ERP3ToOBS", "ERP3ToOBS\ERP3ToOBS.csproj", "{75BF13C6-C69F-47A1-A333-0D919FC39728}"
EndProject
Project("{FAE04EC0-301F-11D3-BF4B-00C04F79EFBC}") = "PilotData_ToOBS", "PilotData_ToOBS\PilotData_ToOBS.csproj", "{8D704776-7B3C-4F20-AA2F-E4D9E37CACDB}"
EndProject
Project("{FAE04EC0-301F-11D3-BF4B-00C04F79EFBC}") = "ML.Utilities", "YM.Utilities\ML.Utilities.csproj", "{7A9E54B1-D54D-4AF2-99E9-06E9BAFF4846}"
EndProject
Project("{FAE04EC0-301F-11D3-BF4B-00C04F79EFBC}") = "ML.ThirdParty", "YM.ThirdParty\ML.ThirdParty.csproj", "{D8076C66-20C0-4182-AC08-A44F1205F1A6}"
EndProject
Project("{FAE04EC0-301F-11D3-BF4B-00C04F79EFBC}") = "ML.DataAccess", "YM.DataAccess\ML.DataAccess.csproj", "{7D1A96CF-9B89-443F-AB95-12343F52A1AC}"
EndProject
Project("{2150E333-8FDC-42A3-9474-1A3956D46DE8}") = "03-Intelligent", "03-Intelligent", "{76CE46D4-4800-434C-A91B-8A1EA1181361}"
EndProject
Project("{FAE04EC0-301F-11D3-BF4B-00C04F79EFBC}") = "GenerationCodeTool", "GenerationCodeTool\GenerationCodeTool.csproj", "{6C1C4DB3-B049-4BBD-88FE-FD7416543345}"
EndProject
Project("{2150E333-8FDC-42A3-9474-1A3956D46DE8}") = "99-Demo", "99-Demo", "{4143F49A-7D36-4FCF-A2AE-084E8C2B6506}"
EndProject
Project("{FAE04EC0-301F-11D3-BF4B-00C04F79EFBC}") = "TestConsole", "TestConsole\TestConsole.csproj", "{AEDCA161-E04B-4138-AE64-3144BC982AAB}"
EndProject
Project("{2150E333-8FDC-42A3-9474-1A3956D46DE8}") = "04-Plug", "04-Plug", "{F3B46B08-7E41-4898-A025-3689E5B338D6}"
EndProject
Project("{FAE04EC0-301F-11D3-BF4B-00C04F79EFBC}") = "QCloudAPI_SDK", "Plug\QCloudAPI_SDK\QCloudAPI_SDK.csproj", "{3DFE79C5-B2F4-4254-81B9-1FE0B42239EF}"
EndProject
Project("{FAE04EC0-301F-11D3-BF4B-00C04F79EFBC}") = "MotherBaby_Data", "MotherBaby_Data\MotherBaby_Data.csproj", "{4B1095D3-B957-4960-B7B5-A73A2E1D8D35}"
EndProject
Project("{FAE04EC0-301F-11D3-BF4B-00C04F79EFBC}") = "MotherBaby", "MotherBaby\MotherBaby.csproj", "{5B972899-692C-4CD1-A3FF-6FC3F34EFD8A}"
EndProject
Global
	GlobalSection(SolutionConfigurationPlatforms) = preSolution
		Debug|Any CPU = Debug|Any CPU
		Debug|x64 = Debug|x64
		Debug|x86 = Debug|x86
		Release|Any CPU = Release|Any CPU
		Release|x64 = Release|x64
		Release|x86 = Release|x86
	EndGlobalSection
	GlobalSection(ProjectConfigurationPlatforms) = postSolution
		{FF06CFC9-4A33-420D-A6CE-809BEEC4F70D}.Debug|Any CPU.ActiveCfg = Debug|Any CPU
		{FF06CFC9-4A33-420D-A6CE-809BEEC4F70D}.Debug|Any CPU.Build.0 = Debug|Any CPU
		{FF06CFC9-4A33-420D-A6CE-809BEEC4F70D}.Debug|x64.ActiveCfg = Debug|Any CPU
		{FF06CFC9-4A33-420D-A6CE-809BEEC4F70D}.Debug|x64.Build.0 = Debug|Any CPU
		{FF06CFC9-4A33-420D-A6CE-809BEEC4F70D}.Debug|x86.ActiveCfg = Debug|Any CPU
		{FF06CFC9-4A33-420D-A6CE-809BEEC4F70D}.Debug|x86.Build.0 = Debug|Any CPU
		{FF06CFC9-4A33-420D-A6CE-809BEEC4F70D}.Release|Any CPU.ActiveCfg = Release|Any CPU
		{FF06CFC9-4A33-420D-A6CE-809BEEC4F70D}.Release|Any CPU.Build.0 = Release|Any CPU
		{FF06CFC9-4A33-420D-A6CE-809BEEC4F70D}.Release|x64.ActiveCfg = Release|Any CPU
		{FF06CFC9-4A33-420D-A6CE-809BEEC4F70D}.Release|x64.Build.0 = Release|Any CPU
		{FF06CFC9-4A33-420D-A6CE-809BEEC4F70D}.Release|x86.ActiveCfg = Release|Any CPU
		{FF06CFC9-4A33-420D-A6CE-809BEEC4F70D}.Release|x86.Build.0 = Release|Any CPU
		{C5376ADF-309A-48DE-904C-B1FE1965C370}.Debug|Any CPU.ActiveCfg = Debug|Any CPU
		{C5376ADF-309A-48DE-904C-B1FE1965C370}.Debug|Any CPU.Build.0 = Debug|Any CPU
		{C5376ADF-309A-48DE-904C-B1FE1965C370}.Debug|x64.ActiveCfg = Debug|Any CPU
		{C5376ADF-309A-48DE-904C-B1FE1965C370}.Debug|x64.Build.0 = Debug|Any CPU
		{C5376ADF-309A-48DE-904C-B1FE1965C370}.Debug|x86.ActiveCfg = Debug|Any CPU
		{C5376ADF-309A-48DE-904C-B1FE1965C370}.Debug|x86.Build.0 = Debug|Any CPU
		{C5376ADF-309A-48DE-904C-B1FE1965C370}.Release|Any CPU.ActiveCfg = Release|Any CPU
		{C5376ADF-309A-48DE-904C-B1FE1965C370}.Release|Any CPU.Build.0 = Release|Any CPU
		{C5376ADF-309A-48DE-904C-B1FE1965C370}.Release|x64.ActiveCfg = Release|Any CPU
		{C5376ADF-309A-48DE-904C-B1FE1965C370}.Release|x64.Build.0 = Release|Any CPU
		{C5376ADF-309A-48DE-904C-B1FE1965C370}.Release|x86.ActiveCfg = Release|Any CPU
		{C5376ADF-309A-48DE-904C-B1FE1965C370}.Release|x86.Build.0 = Release|Any CPU
		{A5518101-1F16-4B67-AB09-44B29249DDFE}.Debug|Any CPU.ActiveCfg = Debug|Any CPU
		{A5518101-1F16-4B67-AB09-44B29249DDFE}.Debug|Any CPU.Build.0 = Debug|Any CPU
		{A5518101-1F16-4B67-AB09-44B29249DDFE}.Debug|x64.ActiveCfg = Debug|Any CPU
		{A5518101-1F16-4B67-AB09-44B29249DDFE}.Debug|x64.Build.0 = Debug|Any CPU
		{A5518101-1F16-4B67-AB09-44B29249DDFE}.Debug|x86.ActiveCfg = Debug|Any CPU
		{A5518101-1F16-4B67-AB09-44B29249DDFE}.Debug|x86.Build.0 = Debug|Any CPU
		{A5518101-1F16-4B67-AB09-44B29249DDFE}.Release|Any CPU.ActiveCfg = Release|Any CPU
		{A5518101-1F16-4B67-AB09-44B29249DDFE}.Release|Any CPU.Build.0 = Release|Any CPU
		{A5518101-1F16-4B67-AB09-44B29249DDFE}.Release|x64.ActiveCfg = Release|Any CPU
		{A5518101-1F16-4B67-AB09-44B29249DDFE}.Release|x64.Build.0 = Release|Any CPU
		{A5518101-1F16-4B67-AB09-44B29249DDFE}.Release|x86.ActiveCfg = Release|Any CPU
		{A5518101-1F16-4B67-AB09-44B29249DDFE}.Release|x86.Build.0 = Release|Any CPU
		{97BBE203-90D8-4B61-B396-506028239731}.Debug|Any CPU.ActiveCfg = Debug|Any CPU
		{97BBE203-90D8-4B61-B396-506028239731}.Debug|Any CPU.Build.0 = Debug|Any CPU
		{97BBE203-90D8-4B61-B396-506028239731}.Debug|x64.ActiveCfg = Debug|Any CPU
		{97BBE203-90D8-4B61-B396-506028239731}.Debug|x64.Build.0 = Debug|Any CPU
		{97BBE203-90D8-4B61-B396-506028239731}.Debug|x86.ActiveCfg = Debug|Any CPU
		{97BBE203-90D8-4B61-B396-506028239731}.Debug|x86.Build.0 = Debug|Any CPU
		{97BBE203-90D8-4B61-B396-506028239731}.Release|Any CPU.ActiveCfg = Release|Any CPU
		{97BBE203-90D8-4B61-B396-506028239731}.Release|Any CPU.Build.0 = Release|Any CPU
		{97BBE203-90D8-4B61-B396-506028239731}.Release|x64.ActiveCfg = Release|Any CPU
		{97BBE203-90D8-4B61-B396-506028239731}.Release|x64.Build.0 = Release|Any CPU
		{97BBE203-90D8-4B61-B396-506028239731}.Release|x86.ActiveCfg = Release|Any CPU
		{97BBE203-90D8-4B61-B396-506028239731}.Release|x86.Build.0 = Release|Any CPU
		{BC021BAE-7F9C-4281-9BCA-E06FF91E5969}.Debug|Any CPU.ActiveCfg = Debug|Any CPU
		{BC021BAE-7F9C-4281-9BCA-E06FF91E5969}.Debug|Any CPU.Build.0 = Debug|Any CPU
		{BC021BAE-7F9C-4281-9BCA-E06FF91E5969}.Debug|x64.ActiveCfg = Debug|Any CPU
		{BC021BAE-7F9C-4281-9BCA-E06FF91E5969}.Debug|x64.Build.0 = Debug|Any CPU
		{BC021BAE-7F9C-4281-9BCA-E06FF91E5969}.Debug|x86.ActiveCfg = Debug|Any CPU
		{BC021BAE-7F9C-4281-9BCA-E06FF91E5969}.Debug|x86.Build.0 = Debug|Any CPU
		{BC021BAE-7F9C-4281-9BCA-E06FF91E5969}.Release|Any CPU.ActiveCfg = Release|Any CPU
		{BC021BAE-7F9C-4281-9BCA-E06FF91E5969}.Release|Any CPU.Build.0 = Release|Any CPU
		{BC021BAE-7F9C-4281-9BCA-E06FF91E5969}.Release|x64.ActiveCfg = Release|Any CPU
		{BC021BAE-7F9C-4281-9BCA-E06FF91E5969}.Release|x64.Build.0 = Release|Any CPU
		{BC021BAE-7F9C-4281-9BCA-E06FF91E5969}.Release|x86.ActiveCfg = Release|Any CPU
		{BC021BAE-7F9C-4281-9BCA-E06FF91E5969}.Release|x86.Build.0 = Release|Any CPU
		{A253F817-FA36-46CE-8995-E9BE7FF74371}.Debug|Any CPU.ActiveCfg = Debug|Any CPU
		{A253F817-FA36-46CE-8995-E9BE7FF74371}.Debug|Any CPU.Build.0 = Debug|Any CPU
		{A253F817-FA36-46CE-8995-E9BE7FF74371}.Debug|x64.ActiveCfg = Debug|Any CPU
		{A253F817-FA36-46CE-8995-E9BE7FF74371}.Debug|x64.Build.0 = Debug|Any CPU
		{A253F817-FA36-46CE-8995-E9BE7FF74371}.Debug|x86.ActiveCfg = Debug|Any CPU
		{A253F817-FA36-46CE-8995-E9BE7FF74371}.Debug|x86.Build.0 = Debug|Any CPU
		{A253F817-FA36-46CE-8995-E9BE7FF74371}.Release|Any CPU.ActiveCfg = Release|Any CPU
		{A253F817-FA36-46CE-8995-E9BE7FF74371}.Release|Any CPU.Build.0 = Release|Any CPU
		{A253F817-FA36-46CE-8995-E9BE7FF74371}.Release|x64.ActiveCfg = Release|Any CPU
		{A253F817-FA36-46CE-8995-E9BE7FF74371}.Release|x64.Build.0 = Release|Any CPU
		{A253F817-FA36-46CE-8995-E9BE7FF74371}.Release|x86.ActiveCfg = Release|Any CPU
		{A253F817-FA36-46CE-8995-E9BE7FF74371}.Release|x86.Build.0 = Release|Any CPU
		{9B07F300-3CC5-4F95-827C-1BDCEBD288E0}.Debug|Any CPU.ActiveCfg = Debug|Any CPU
		{9B07F300-3CC5-4F95-827C-1BDCEBD288E0}.Debug|Any CPU.Build.0 = Debug|Any CPU
		{9B07F300-3CC5-4F95-827C-1BDCEBD288E0}.Debug|x64.ActiveCfg = Debug|Any CPU
		{9B07F300-3CC5-4F95-827C-1BDCEBD288E0}.Debug|x64.Build.0 = Debug|Any CPU
		{9B07F300-3CC5-4F95-827C-1BDCEBD288E0}.Debug|x86.ActiveCfg = Debug|Any CPU
		{9B07F300-3CC5-4F95-827C-1BDCEBD288E0}.Debug|x86.Build.0 = Debug|Any CPU
		{9B07F300-3CC5-4F95-827C-1BDCEBD288E0}.Release|Any CPU.ActiveCfg = Release|Any CPU
		{9B07F300-3CC5-4F95-827C-1BDCEBD288E0}.Release|Any CPU.Build.0 = Release|Any CPU
		{9B07F300-3CC5-4F95-827C-1BDCEBD288E0}.Release|x64.ActiveCfg = Release|Any CPU
		{9B07F300-3CC5-4F95-827C-1BDCEBD288E0}.Release|x64.Build.0 = Release|Any CPU
		{9B07F300-3CC5-4F95-827C-1BDCEBD288E0}.Release|x86.ActiveCfg = Release|Any CPU
		{9B07F300-3CC5-4F95-827C-1BDCEBD288E0}.Release|x86.Build.0 = Release|Any CPU
		{FDC5E24C-74A0-4E7E-9472-5ED92D75638E}.Debug|Any CPU.ActiveCfg = Debug|Any CPU
		{FDC5E24C-74A0-4E7E-9472-5ED92D75638E}.Debug|Any CPU.Build.0 = Debug|Any CPU
		{FDC5E24C-74A0-4E7E-9472-5ED92D75638E}.Debug|x64.ActiveCfg = Debug|Any CPU
		{FDC5E24C-74A0-4E7E-9472-5ED92D75638E}.Debug|x64.Build.0 = Debug|Any CPU
		{FDC5E24C-74A0-4E7E-9472-5ED92D75638E}.Debug|x86.ActiveCfg = Debug|Any CPU
		{FDC5E24C-74A0-4E7E-9472-5ED92D75638E}.Debug|x86.Build.0 = Debug|Any CPU
		{FDC5E24C-74A0-4E7E-9472-5ED92D75638E}.Release|Any CPU.ActiveCfg = Release|Any CPU
		{FDC5E24C-74A0-4E7E-9472-5ED92D75638E}.Release|Any CPU.Build.0 = Release|Any CPU
		{FDC5E24C-74A0-4E7E-9472-5ED92D75638E}.Release|x64.ActiveCfg = Release|Any CPU
		{FDC5E24C-74A0-4E7E-9472-5ED92D75638E}.Release|x64.Build.0 = Release|Any CPU
		{FDC5E24C-74A0-4E7E-9472-5ED92D75638E}.Release|x86.ActiveCfg = Release|Any CPU
		{FDC5E24C-74A0-4E7E-9472-5ED92D75638E}.Release|x86.Build.0 = Release|Any CPU
		{0E0DF1AF-7F6F-4F30-A885-4BF82927B2FE}.Debug|Any CPU.ActiveCfg = Debug|Any CPU
		{0E0DF1AF-7F6F-4F30-A885-4BF82927B2FE}.Debug|Any CPU.Build.0 = Debug|Any CPU
		{0E0DF1AF-7F6F-4F30-A885-4BF82927B2FE}.Debug|x64.ActiveCfg = Debug|Any CPU
		{0E0DF1AF-7F6F-4F30-A885-4BF82927B2FE}.Debug|x64.Build.0 = Debug|Any CPU
		{0E0DF1AF-7F6F-4F30-A885-4BF82927B2FE}.Debug|x86.ActiveCfg = Debug|Any CPU
		{0E0DF1AF-7F6F-4F30-A885-4BF82927B2FE}.Debug|x86.Build.0 = Debug|Any CPU
		{0E0DF1AF-7F6F-4F30-A885-4BF82927B2FE}.Release|Any CPU.ActiveCfg = Release|Any CPU
		{0E0DF1AF-7F6F-4F30-A885-4BF82927B2FE}.Release|Any CPU.Build.0 = Release|Any CPU
		{0E0DF1AF-7F6F-4F30-A885-4BF82927B2FE}.Release|x64.ActiveCfg = Release|Any CPU
		{0E0DF1AF-7F6F-4F30-A885-4BF82927B2FE}.Release|x64.Build.0 = Release|Any CPU
		{0E0DF1AF-7F6F-4F30-A885-4BF82927B2FE}.Release|x86.ActiveCfg = Release|Any CPU
		{0E0DF1AF-7F6F-4F30-A885-4BF82927B2FE}.Release|x86.Build.0 = Release|Any CPU
		{5BFF909B-3EC0-4855-A6B7-309685C719FF}.Debug|Any CPU.ActiveCfg = Debug|Any CPU
		{5BFF909B-3EC0-4855-A6B7-309685C719FF}.Debug|Any CPU.Build.0 = Debug|Any CPU
		{5BFF909B-3EC0-4855-A6B7-309685C719FF}.Debug|x64.ActiveCfg = Debug|Any CPU
		{5BFF909B-3EC0-4855-A6B7-309685C719FF}.Debug|x64.Build.0 = Debug|Any CPU
		{5BFF909B-3EC0-4855-A6B7-309685C719FF}.Debug|x86.ActiveCfg = Debug|Any CPU
		{5BFF909B-3EC0-4855-A6B7-309685C719FF}.Debug|x86.Build.0 = Debug|Any CPU
		{5BFF909B-3EC0-4855-A6B7-309685C719FF}.Release|Any CPU.ActiveCfg = Release|Any CPU
		{5BFF909B-3EC0-4855-A6B7-309685C719FF}.Release|Any CPU.Build.0 = Release|Any CPU
		{5BFF909B-3EC0-4855-A6B7-309685C719FF}.Release|x64.ActiveCfg = Release|Any CPU
		{5BFF909B-3EC0-4855-A6B7-309685C719FF}.Release|x64.Build.0 = Release|Any CPU
		{5BFF909B-3EC0-4855-A6B7-309685C719FF}.Release|x86.ActiveCfg = Release|Any CPU
		{5BFF909B-3EC0-4855-A6B7-309685C719FF}.Release|x86.Build.0 = Release|Any CPU
		{22CB362E-0B63-4A27-BF2C-FA7528C56982}.Debug|Any CPU.ActiveCfg = Debug|Any CPU
		{22CB362E-0B63-4A27-BF2C-FA7528C56982}.Debug|Any CPU.Build.0 = Debug|Any CPU
		{22CB362E-0B63-4A27-BF2C-FA7528C56982}.Debug|x64.ActiveCfg = Debug|Any CPU
		{22CB362E-0B63-4A27-BF2C-FA7528C56982}.Debug|x64.Build.0 = Debug|Any CPU
		{22CB362E-0B63-4A27-BF2C-FA7528C56982}.Debug|x86.ActiveCfg = Debug|Any CPU
		{22CB362E-0B63-4A27-BF2C-FA7528C56982}.Debug|x86.Build.0 = Debug|Any CPU
		{22CB362E-0B63-4A27-BF2C-FA7528C56982}.Release|Any CPU.ActiveCfg = Release|Any CPU
		{22CB362E-0B63-4A27-BF2C-FA7528C56982}.Release|Any CPU.Build.0 = Release|Any CPU
		{22CB362E-0B63-4A27-BF2C-FA7528C56982}.Release|x64.ActiveCfg = Release|Any CPU
		{22CB362E-0B63-4A27-BF2C-FA7528C56982}.Release|x64.Build.0 = Release|Any CPU
		{22CB362E-0B63-4A27-BF2C-FA7528C56982}.Release|x86.ActiveCfg = Release|Any CPU
		{22CB362E-0B63-4A27-BF2C-FA7528C56982}.Release|x86.Build.0 = Release|Any CPU
		{A326E46B-19E9-4F53-87FE-7F5D864E71F1}.Debug|Any CPU.ActiveCfg = Debug|Any CPU
		{A326E46B-19E9-4F53-87FE-7F5D864E71F1}.Debug|Any CPU.Build.0 = Debug|Any CPU
		{A326E46B-19E9-4F53-87FE-7F5D864E71F1}.Debug|x64.ActiveCfg = Debug|Any CPU
		{A326E46B-19E9-4F53-87FE-7F5D864E71F1}.Debug|x64.Build.0 = Debug|Any CPU
		{A326E46B-19E9-4F53-87FE-7F5D864E71F1}.Debug|x86.ActiveCfg = Debug|Any CPU
		{A326E46B-19E9-4F53-87FE-7F5D864E71F1}.Debug|x86.Build.0 = Debug|Any CPU
		{A326E46B-19E9-4F53-87FE-7F5D864E71F1}.Release|Any CPU.ActiveCfg = Release|Any CPU
		{A326E46B-19E9-4F53-87FE-7F5D864E71F1}.Release|Any CPU.Build.0 = Release|Any CPU
		{A326E46B-19E9-4F53-87FE-7F5D864E71F1}.Release|x64.ActiveCfg = Release|Any CPU
		{A326E46B-19E9-4F53-87FE-7F5D864E71F1}.Release|x64.Build.0 = Release|Any CPU
		{A326E46B-19E9-4F53-87FE-7F5D864E71F1}.Release|x86.ActiveCfg = Release|Any CPU
		{A326E46B-19E9-4F53-87FE-7F5D864E71F1}.Release|x86.Build.0 = Release|Any CPU
		{75BF13C6-C69F-47A1-A333-0D919FC39728}.Debug|Any CPU.ActiveCfg = Debug|Any CPU
		{75BF13C6-C69F-47A1-A333-0D919FC39728}.Debug|Any CPU.Build.0 = Debug|Any CPU
		{75BF13C6-C69F-47A1-A333-0D919FC39728}.Debug|x64.ActiveCfg = Debug|Any CPU
		{75BF13C6-C69F-47A1-A333-0D919FC39728}.Debug|x64.Build.0 = Debug|Any CPU
		{75BF13C6-C69F-47A1-A333-0D919FC39728}.Debug|x86.ActiveCfg = Debug|Any CPU
		{75BF13C6-C69F-47A1-A333-0D919FC39728}.Debug|x86.Build.0 = Debug|Any CPU
		{75BF13C6-C69F-47A1-A333-0D919FC39728}.Release|Any CPU.ActiveCfg = Release|Any CPU
		{75BF13C6-C69F-47A1-A333-0D919FC39728}.Release|Any CPU.Build.0 = Release|Any CPU
		{75BF13C6-C69F-47A1-A333-0D919FC39728}.Release|x64.ActiveCfg = Release|Any CPU
		{75BF13C6-C69F-47A1-A333-0D919FC39728}.Release|x64.Build.0 = Release|Any CPU
		{75BF13C6-C69F-47A1-A333-0D919FC39728}.Release|x86.ActiveCfg = Release|Any CPU
		{75BF13C6-C69F-47A1-A333-0D919FC39728}.Release|x86.Build.0 = Release|Any CPU
		{8D704776-7B3C-4F20-AA2F-E4D9E37CACDB}.Debug|Any CPU.ActiveCfg = Debug|Any CPU
		{8D704776-7B3C-4F20-AA2F-E4D9E37CACDB}.Debug|Any CPU.Build.0 = Debug|Any CPU
		{8D704776-7B3C-4F20-AA2F-E4D9E37CACDB}.Debug|x64.ActiveCfg = Debug|Any CPU
		{8D704776-7B3C-4F20-AA2F-E4D9E37CACDB}.Debug|x64.Build.0 = Debug|Any CPU
		{8D704776-7B3C-4F20-AA2F-E4D9E37CACDB}.Debug|x86.ActiveCfg = Debug|Any CPU
		{8D704776-7B3C-4F20-AA2F-E4D9E37CACDB}.Debug|x86.Build.0 = Debug|Any CPU
		{8D704776-7B3C-4F20-AA2F-E4D9E37CACDB}.Release|Any CPU.ActiveCfg = Release|Any CPU
		{8D704776-7B3C-4F20-AA2F-E4D9E37CACDB}.Release|Any CPU.Build.0 = Release|Any CPU
		{8D704776-7B3C-4F20-AA2F-E4D9E37CACDB}.Release|x64.ActiveCfg = Release|Any CPU
		{8D704776-7B3C-4F20-AA2F-E4D9E37CACDB}.Release|x64.Build.0 = Release|Any CPU
		{8D704776-7B3C-4F20-AA2F-E4D9E37CACDB}.Release|x86.ActiveCfg = Release|Any CPU
		{8D704776-7B3C-4F20-AA2F-E4D9E37CACDB}.Release|x86.Build.0 = Release|Any CPU
		{7A9E54B1-D54D-4AF2-99E9-06E9BAFF4846}.Debug|Any CPU.ActiveCfg = Debug|Any CPU
		{7A9E54B1-D54D-4AF2-99E9-06E9BAFF4846}.Debug|Any CPU.Build.0 = Debug|Any CPU
		{7A9E54B1-D54D-4AF2-99E9-06E9BAFF4846}.Debug|x64.ActiveCfg = Debug|Any CPU
		{7A9E54B1-D54D-4AF2-99E9-06E9BAFF4846}.Debug|x64.Build.0 = Debug|Any CPU
		{7A9E54B1-D54D-4AF2-99E9-06E9BAFF4846}.Debug|x86.ActiveCfg = Debug|Any CPU
		{7A9E54B1-D54D-4AF2-99E9-06E9BAFF4846}.Debug|x86.Build.0 = Debug|Any CPU
		{7A9E54B1-D54D-4AF2-99E9-06E9BAFF4846}.Release|Any CPU.ActiveCfg = Release|Any CPU
		{7A9E54B1-D54D-4AF2-99E9-06E9BAFF4846}.Release|Any CPU.Build.0 = Release|Any CPU
		{7A9E54B1-D54D-4AF2-99E9-06E9BAFF4846}.Release|x64.ActiveCfg = Release|Any CPU
		{7A9E54B1-D54D-4AF2-99E9-06E9BAFF4846}.Release|x64.Build.0 = Release|Any CPU
		{7A9E54B1-D54D-4AF2-99E9-06E9BAFF4846}.Release|x86.ActiveCfg = Release|Any CPU
		{7A9E54B1-D54D-4AF2-99E9-06E9BAFF4846}.Release|x86.Build.0 = Release|Any CPU
		{D8076C66-20C0-4182-AC08-A44F1205F1A6}.Debug|Any CPU.ActiveCfg = Debug|Any CPU
		{D8076C66-20C0-4182-AC08-A44F1205F1A6}.Debug|Any CPU.Build.0 = Debug|Any CPU
		{D8076C66-20C0-4182-AC08-A44F1205F1A6}.Debug|x64.ActiveCfg = Debug|Any CPU
		{D8076C66-20C0-4182-AC08-A44F1205F1A6}.Debug|x64.Build.0 = Debug|Any CPU
		{D8076C66-20C0-4182-AC08-A44F1205F1A6}.Debug|x86.ActiveCfg = Debug|Any CPU
		{D8076C66-20C0-4182-AC08-A44F1205F1A6}.Debug|x86.Build.0 = Debug|Any CPU
		{D8076C66-20C0-4182-AC08-A44F1205F1A6}.Release|Any CPU.ActiveCfg = Release|Any CPU
		{D8076C66-20C0-4182-AC08-A44F1205F1A6}.Release|Any CPU.Build.0 = Release|Any CPU
		{D8076C66-20C0-4182-AC08-A44F1205F1A6}.Release|x64.ActiveCfg = Release|Any CPU
		{D8076C66-20C0-4182-AC08-A44F1205F1A6}.Release|x64.Build.0 = Release|Any CPU
		{D8076C66-20C0-4182-AC08-A44F1205F1A6}.Release|x86.ActiveCfg = Release|Any CPU
		{D8076C66-20C0-4182-AC08-A44F1205F1A6}.Release|x86.Build.0 = Release|Any CPU
		{7D1A96CF-9B89-443F-AB95-12343F52A1AC}.Debug|Any CPU.ActiveCfg = Debug|Any CPU
		{7D1A96CF-9B89-443F-AB95-12343F52A1AC}.Debug|Any CPU.Build.0 = Debug|Any CPU
		{7D1A96CF-9B89-443F-AB95-12343F52A1AC}.Debug|x64.ActiveCfg = Debug|Any CPU
		{7D1A96CF-9B89-443F-AB95-12343F52A1AC}.Debug|x64.Build.0 = Debug|Any CPU
		{7D1A96CF-9B89-443F-AB95-12343F52A1AC}.Debug|x86.ActiveCfg = Debug|Any CPU
		{7D1A96CF-9B89-443F-AB95-12343F52A1AC}.Debug|x86.Build.0 = Debug|Any CPU
		{7D1A96CF-9B89-443F-AB95-12343F52A1AC}.Release|Any CPU.ActiveCfg = Release|Any CPU
		{7D1A96CF-9B89-443F-AB95-12343F52A1AC}.Release|Any CPU.Build.0 = Release|Any CPU
		{7D1A96CF-9B89-443F-AB95-12343F52A1AC}.Release|x64.ActiveCfg = Release|Any CPU
		{7D1A96CF-9B89-443F-AB95-12343F52A1AC}.Release|x64.Build.0 = Release|Any CPU
		{7D1A96CF-9B89-443F-AB95-12343F52A1AC}.Release|x86.ActiveCfg = Release|Any CPU
		{7D1A96CF-9B89-443F-AB95-12343F52A1AC}.Release|x86.Build.0 = Release|Any CPU
		{6C1C4DB3-B049-4BBD-88FE-FD7416543345}.Debug|Any CPU.ActiveCfg = Debug|Any CPU
		{6C1C4DB3-B049-4BBD-88FE-FD7416543345}.Debug|Any CPU.Build.0 = Debug|Any CPU
		{6C1C4DB3-B049-4BBD-88FE-FD7416543345}.Debug|x64.ActiveCfg = Debug|Any CPU
		{6C1C4DB3-B049-4BBD-88FE-FD7416543345}.Debug|x64.Build.0 = Debug|Any CPU
		{6C1C4DB3-B049-4BBD-88FE-FD7416543345}.Debug|x86.ActiveCfg = Debug|Any CPU
		{6C1C4DB3-B049-4BBD-88FE-FD7416543345}.Debug|x86.Build.0 = Debug|Any CPU
		{6C1C4DB3-B049-4BBD-88FE-FD7416543345}.Release|Any CPU.ActiveCfg = Release|Any CPU
		{6C1C4DB3-B049-4BBD-88FE-FD7416543345}.Release|Any CPU.Build.0 = Release|Any CPU
		{6C1C4DB3-B049-4BBD-88FE-FD7416543345}.Release|x64.ActiveCfg = Release|Any CPU
		{6C1C4DB3-B049-4BBD-88FE-FD7416543345}.Release|x64.Build.0 = Release|Any CPU
		{6C1C4DB3-B049-4BBD-88FE-FD7416543345}.Release|x86.ActiveCfg = Release|Any CPU
		{6C1C4DB3-B049-4BBD-88FE-FD7416543345}.Release|x86.Build.0 = Release|Any CPU
		{AEDCA161-E04B-4138-AE64-3144BC982AAB}.Debug|Any CPU.ActiveCfg = Debug|Any CPU
		{AEDCA161-E04B-4138-AE64-3144BC982AAB}.Debug|Any CPU.Build.0 = Debug|Any CPU
		{AEDCA161-E04B-4138-AE64-3144BC982AAB}.Debug|x64.ActiveCfg = Debug|Any CPU
		{AEDCA161-E04B-4138-AE64-3144BC982AAB}.Debug|x64.Build.0 = Debug|Any CPU
		{AEDCA161-E04B-4138-AE64-3144BC982AAB}.Debug|x86.ActiveCfg = Debug|Any CPU
		{AEDCA161-E04B-4138-AE64-3144BC982AAB}.Debug|x86.Build.0 = Debug|Any CPU
		{AEDCA161-E04B-4138-AE64-3144BC982AAB}.Release|Any CPU.ActiveCfg = Release|Any CPU
		{AEDCA161-E04B-4138-AE64-3144BC982AAB}.Release|Any CPU.Build.0 = Release|Any CPU
		{AEDCA161-E04B-4138-AE64-3144BC982AAB}.Release|x64.ActiveCfg = Release|Any CPU
		{AEDCA161-E04B-4138-AE64-3144BC982AAB}.Release|x64.Build.0 = Release|Any CPU
		{AEDCA161-E04B-4138-AE64-3144BC982AAB}.Release|x86.ActiveCfg = Release|Any CPU
		{AEDCA161-E04B-4138-AE64-3144BC982AAB}.Release|x86.Build.0 = Release|Any CPU
		{3DFE79C5-B2F4-4254-81B9-1FE0B42239EF}.Debug|Any CPU.ActiveCfg = Debug|x86
		{3DFE79C5-B2F4-4254-81B9-1FE0B42239EF}.Debug|x64.ActiveCfg = Debug|x86
		{3DFE79C5-B2F4-4254-81B9-1FE0B42239EF}.Debug|x86.ActiveCfg = Debug|x86
		{3DFE79C5-B2F4-4254-81B9-1FE0B42239EF}.Debug|x86.Build.0 = Debug|x86
		{3DFE79C5-B2F4-4254-81B9-1FE0B42239EF}.Release|Any CPU.ActiveCfg = Release|x86
		{3DFE79C5-B2F4-4254-81B9-1FE0B42239EF}.Release|x64.ActiveCfg = Release|x86
		{3DFE79C5-B2F4-4254-81B9-1FE0B42239EF}.Release|x86.ActiveCfg = Release|x86
		{3DFE79C5-B2F4-4254-81B9-1FE0B42239EF}.Release|x86.Build.0 = Release|x86
		{4B1095D3-B957-4960-B7B5-A73A2E1D8D35}.Debug|Any CPU.ActiveCfg = Debug|Any CPU
		{4B1095D3-B957-4960-B7B5-A73A2E1D8D35}.Debug|Any CPU.Build.0 = Debug|Any CPU
		{4B1095D3-B957-4960-B7B5-A73A2E1D8D35}.Debug|x64.ActiveCfg = Debug|Any CPU
		{4B1095D3-B957-4960-B7B5-A73A2E1D8D35}.Debug|x64.Build.0 = Debug|Any CPU
		{4B1095D3-B957-4960-B7B5-A73A2E1D8D35}.Debug|x86.ActiveCfg = Debug|Any CPU
		{4B1095D3-B957-4960-B7B5-A73A2E1D8D35}.Debug|x86.Build.0 = Debug|Any CPU
		{4B1095D3-B957-4960-B7B5-A73A2E1D8D35}.Release|Any CPU.ActiveCfg = Release|Any CPU
		{4B1095D3-B957-4960-B7B5-A73A2E1D8D35}.Release|Any CPU.Build.0 = Release|Any CPU
		{4B1095D3-B957-4960-B7B5-A73A2E1D8D35}.Release|x64.ActiveCfg = Release|Any CPU
		{4B1095D3-B957-4960-B7B5-A73A2E1D8D35}.Release|x64.Build.0 = Release|Any CPU
		{4B1095D3-B957-4960-B7B5-A73A2E1D8D35}.Release|x86.ActiveCfg = Release|Any CPU
		{4B1095D3-B957-4960-B7B5-A73A2E1D8D35}.Release|x86.Build.0 = Release|Any CPU
		{5B972899-692C-4CD1-A3FF-6FC3F34EFD8A}.Debug|Any CPU.ActiveCfg = Debug|Any CPU
		{5B972899-692C-4CD1-A3FF-6FC3F34EFD8A}.Debug|Any CPU.Build.0 = Debug|Any CPU
		{5B972899-692C-4CD1-A3FF-6FC3F34EFD8A}.Debug|x64.ActiveCfg = Debug|Any CPU
		{5B972899-692C-4CD1-A3FF-6FC3F34EFD8A}.Debug|x64.Build.0 = Debug|Any CPU
		{5B972899-692C-4CD1-A3FF-6FC3F34EFD8A}.Debug|x86.ActiveCfg = Debug|Any CPU
		{5B972899-692C-4CD1-A3FF-6FC3F34EFD8A}.Debug|x86.Build.0 = Debug|Any CPU
		{5B972899-692C-4CD1-A3FF-6FC3F34EFD8A}.Release|Any CPU.ActiveCfg = Release|Any CPU
		{5B972899-692C-4CD1-A3FF-6FC3F34EFD8A}.Release|Any CPU.Build.0 = Release|Any CPU
		{5B972899-692C-4CD1-A3FF-6FC3F34EFD8A}.Release|x64.ActiveCfg = Release|Any CPU
		{5B972899-692C-4CD1-A3FF-6FC3F34EFD8A}.Release|x64.Build.0 = Release|Any CPU
		{5B972899-692C-4CD1-A3FF-6FC3F34EFD8A}.Release|x86.ActiveCfg = Release|Any CPU
		{5B972899-692C-4CD1-A3FF-6FC3F34EFD8A}.Release|x86.Build.0 = Release|Any CPU
	EndGlobalSection
	GlobalSection(SolutionProperties) = preSolution
		HideSolutionNode = FALSE
	EndGlobalSection
	GlobalSection(NestedProjects) = preSolution
		{FF06CFC9-4A33-420D-A6CE-809BEEC4F70D} = {BEE819FE-1960-4AAD-869F-A83ADF8D232A}
		{C5376ADF-309A-48DE-904C-B1FE1965C370} = {BEE819FE-1960-4AAD-869F-A83ADF8D232A}
		{A5518101-1F16-4B67-AB09-44B29249DDFE} = {955AAE89-EEE6-4C1E-BD8B-C0A52CC5C70C}
		{97BBE203-90D8-4B61-B396-506028239731} = {955AAE89-EEE6-4C1E-BD8B-C0A52CC5C70C}
		{BC021BAE-7F9C-4281-9BCA-E06FF91E5969} = {955AAE89-EEE6-4C1E-BD8B-C0A52CC5C70C}
		{A253F817-FA36-46CE-8995-E9BE7FF74371} = {955AAE89-EEE6-4C1E-BD8B-C0A52CC5C70C}
		{9B07F300-3CC5-4F95-827C-1BDCEBD288E0} = {955AAE89-EEE6-4C1E-BD8B-C0A52CC5C70C}
		{FDC5E24C-74A0-4E7E-9472-5ED92D75638E} = {955AAE89-EEE6-4C1E-BD8B-C0A52CC5C70C}
		{0E0DF1AF-7F6F-4F30-A885-4BF82927B2FE} = {955AAE89-EEE6-4C1E-BD8B-C0A52CC5C70C}
		{5BFF909B-3EC0-4855-A6B7-309685C719FF} = {955AAE89-EEE6-4C1E-BD8B-C0A52CC5C70C}
		{22CB362E-0B63-4A27-BF2C-FA7528C56982} = {955AAE89-EEE6-4C1E-BD8B-C0A52CC5C70C}
		{A326E46B-19E9-4F53-87FE-7F5D864E71F1} = {955AAE89-EEE6-4C1E-BD8B-C0A52CC5C70C}
		{75BF13C6-C69F-47A1-A333-0D919FC39728} = {955AAE89-EEE6-4C1E-BD8B-C0A52CC5C70C}
		{8D704776-7B3C-4F20-AA2F-E4D9E37CACDB} = {955AAE89-EEE6-4C1E-BD8B-C0A52CC5C70C}
		{7A9E54B1-D54D-4AF2-99E9-06E9BAFF4846} = {BEE819FE-1960-4AAD-869F-A83ADF8D232A}
		{D8076C66-20C0-4182-AC08-A44F1205F1A6} = {BEE819FE-1960-4AAD-869F-A83ADF8D232A}
		{7D1A96CF-9B89-443F-AB95-12343F52A1AC} = {BEE819FE-1960-4AAD-869F-A83ADF8D232A}
		{6C1C4DB3-B049-4BBD-88FE-FD7416543345} = {76CE46D4-4800-434C-A91B-8A1EA1181361}
		{AEDCA161-E04B-4138-AE64-3144BC982AAB} = {4143F49A-7D36-4FCF-A2AE-084E8C2B6506}
		{3DFE79C5-B2F4-4254-81B9-1FE0B42239EF} = {F3B46B08-7E41-4898-A025-3689E5B338D6}
		{4B1095D3-B957-4960-B7B5-A73A2E1D8D35} = {955AAE89-EEE6-4C1E-BD8B-C0A52CC5C70C}
		{5B972899-692C-4CD1-A3FF-6FC3F34EFD8A} = {955AAE89-EEE6-4C1E-BD8B-C0A52CC5C70C}
	EndGlobalSection
	GlobalSection(ExtensibilityGlobals) = postSolution
		SolutionGuid = {D43D5FA9-57F0-4552-88BD-FC1F66CB69DF}
	EndGlobalSection
EndGlobal
