
Microsoft Visual Studio Solution File, Format Version 12.00
# Visual Studio 14
VisualStudioVersion = 14.0.25420.1
MinimumVisualStudioVersion = 10.0.40219.1
Project("{FAE04EC0-301F-11D3-BF4B-00C04F79EFBC}") = "YMDLL", "YMDLL\YMDLL.csproj", "{FF06CFC9-4A33-420D-A6CE-809BEEC4F70D}"
EndProject
Project("{FAE04EC0-301F-11D3-BF4B-00C04F79EFBC}") = "CKFinder.Net", "ckfinder\_source\CKFinder.Net.csproj", "{C5376ADF-309A-48DE-904C-B1FE1965C370}"
EndProject
Project("{FAE04EC0-301F-11D3-BF4B-00C04F79EFBC}") = "Test_WindowsForm", "Test_WindowsForm\Test_WindowsForm.csproj", "{0244C3BB-16F6-4669-9830-B72AA2999BC8}"
EndProject
Project("{2150E333-8FDC-42A3-9474-1A3956D46DE8}") = "99-Test", "99-Test", "{317B96A8-E8C4-4BD7-B21C-4C46A236BCD0}"
EndProject
Project("{2150E333-8FDC-42A3-9474-1A3956D46DE8}") = "01-Packaging", "01-Packaging", "{BEE819FE-1960-4AAD-869F-A83ADF8D232A}"
EndProject
Project("{FAE04EC0-301F-11D3-BF4B-00C04F79EFBC}") = "Test_WebForm", "Test_WebForm\Test_WebForm.csproj", "{002672E3-B62B-44D7-B4DD-E9D8F0BEED3A}"
EndProject
Project("{2150E333-8FDC-42A3-9474-1A3956D46DE8}") = "02-Application", "02-Application", "{7E439F66-BAF4-428F-878B-95EB78083783}"
EndProject
Project("{FAE04EC0-301F-11D3-BF4B-00C04F79EFBC}") = "YMDevelopToolHelper", "YMDevelopToolHelper\YMDevelopToolHelper.csproj", "{217E1312-23E6-497F-9E98-09B22D15C2C4}"
EndProject
Project("{2150E333-8FDC-42A3-9474-1A3956D46DE8}") = "03-Util", "03-Util", "{955AAE89-EEE6-4C1E-BD8B-C0A52CC5C70C}"
EndProject
Project("{FAE04EC0-301F-11D3-BF4B-00C04F79EFBC}") = "PilotData", "PilotData\PilotData.csproj", "{A5518101-1F16-4B67-AB09-44B29249DDFE}"
EndProject
Project("{FAE04EC0-301F-11D3-BF4B-00C04F79EFBC}") = "AgencyEntity", "AgencyEntity\AgencyEntity.csproj", "{97BBE203-90D8-4B61-B396-506028239731}"
EndProject
Project("{FAE04EC0-301F-11D3-BF4B-00C04F79EFBC}") = "PilotDataConsole", "PilotDataConsole\PilotDataConsole.csproj", "{BC021BAE-7F9C-4281-9BCA-E06FF91E5969}"
	ProjectSection(ProjectDependencies) = postProject
		{9B07F300-3CC5-4F95-827C-1BDCEBD288E0} = {9B07F300-3CC5-4F95-827C-1BDCEBD288E0}
		{0E0DF1AF-7F6F-4F30-A885-4BF82927B2FE} = {0E0DF1AF-7F6F-4F30-A885-4BF82927B2FE}
	EndProjectSection
EndProject
Project("{FAE04EC0-301F-11D3-BF4B-00C04F79EFBC}") = "Model", "Model\Model.csproj", "{A253F817-FA36-46CE-8995-E9BE7FF74371}"
EndProject
Project("{2150E333-8FDC-42A3-9474-1A3956D46DE8}") = "04-Example", "04-Example", "{46A97CAD-56BD-403F-BA8C-547CE3B015A0}"
EndProject
Project("{FAE04EC0-301F-11D3-BF4B-00C04F79EFBC}") = "ThreadDemo", "ThreadDemo\ThreadDemo.csproj", "{3EEAB05E-227B-4734-A019-D44688775279}"
EndProject
Project("{FAE04EC0-301F-11D3-BF4B-00C04F79EFBC}") = "DelegateDemo", "DelegateDemo\DelegateDemo.csproj", "{8F23318E-B1F6-45B0-AEF7-943B44827212}"
EndProject
Project("{FAE04EC0-301F-11D3-BF4B-00C04F79EFBC}") = "EventDemo", "EventDemo\EventDemo.csproj", "{1838A663-25F1-433B-B6A7-F481AEBBF570}"
EndProject
Project("{FAE04EC0-301F-11D3-BF4B-00C04F79EFBC}") = "Entity_Base", "Entity_Base\Entity_Base.csproj", "{9B07F300-3CC5-4F95-827C-1BDCEBD288E0}"
EndProject
Project("{FAE04EC0-301F-11D3-BF4B-00C04F79EFBC}") = "Entity_ToYM", "Entity_ToYM\Entity_ToYM.csproj", "{FDC5E24C-74A0-4E7E-9472-5ED92D75638E}"
EndProject
Project("{FAE04EC0-301F-11D3-BF4B-00C04F79EFBC}") = "CodeBrainTruster", "CodeBrainTruster\CodeBrainTruster.csproj", "{39C47974-5A98-4FCD-B753-3F6CB5CC2045}"
EndProject
Project("{FAE04EC0-301F-11D3-BF4B-00C04F79EFBC}") = "WEBDIY", "WEBDIY\WEBDIY.csproj", "{BD20CD7B-F882-4146-852A-C0080B2DCE5B}"
EndProject
Project("{FAE04EC0-301F-11D3-BF4B-00C04F79EFBC}") = "WEBDIY.Tests", "WEBDIY.Tests\WEBDIY.Tests.csproj", "{0E5139B6-01F5-4F26-B306-4249617BCD76}"
EndProject
Project("{FAE04EC0-301F-11D3-BF4B-00C04F79EFBC}") = "AgencyToERP_PHP", "AgencyToERP_PHP\AgencyToERP_PHP.csproj", "{0E0DF1AF-7F6F-4F30-A885-4BF82927B2FE}"
EndProject
Project("{FAE04EC0-301F-11D3-BF4B-00C04F79EFBC}") = "PilotDataConsoleT3", "PilotDataConsoleT3\PilotDataConsoleT3.csproj", "{5BFF909B-3EC0-4855-A6B7-309685C719FF}"
EndProject
Project("{FAE04EC0-301F-11D3-BF4B-00C04F79EFBC}") = "Test_Console", "Test_Console\Test_Console.csproj", "{24D85E94-B7DE-40C3-8029-D6C30C3A9C3F}"
EndProject
Project("{FAE04EC0-301F-11D3-BF4B-00C04F79EFBC}") = "ZZLToERP_PHP", "ZZLToERP_PHP\ZZLToERP_PHP.csproj", "{C81D135B-57E7-477C-A0A9-F3551E565C80}"
EndProject
Global
	GlobalSection(SolutionConfigurationPlatforms) = preSolution
		Debug|Any CPU = Debug|Any CPU
		Release|Any CPU = Release|Any CPU
	EndGlobalSection
	GlobalSection(ProjectConfigurationPlatforms) = postSolution
		{FF06CFC9-4A33-420D-A6CE-809BEEC4F70D}.Debug|Any CPU.ActiveCfg = Debug|Any CPU
		{FF06CFC9-4A33-420D-A6CE-809BEEC4F70D}.Debug|Any CPU.Build.0 = Debug|Any CPU
		{FF06CFC9-4A33-420D-A6CE-809BEEC4F70D}.Release|Any CPU.ActiveCfg = Release|Any CPU
		{FF06CFC9-4A33-420D-A6CE-809BEEC4F70D}.Release|Any CPU.Build.0 = Release|Any CPU
		{C5376ADF-309A-48DE-904C-B1FE1965C370}.Debug|Any CPU.ActiveCfg = Debug|Any CPU
		{C5376ADF-309A-48DE-904C-B1FE1965C370}.Debug|Any CPU.Build.0 = Debug|Any CPU
		{C5376ADF-309A-48DE-904C-B1FE1965C370}.Release|Any CPU.ActiveCfg = Release|Any CPU
		{C5376ADF-309A-48DE-904C-B1FE1965C370}.Release|Any CPU.Build.0 = Release|Any CPU
		{0244C3BB-16F6-4669-9830-B72AA2999BC8}.Debug|Any CPU.ActiveCfg = Debug|Any CPU
		{0244C3BB-16F6-4669-9830-B72AA2999BC8}.Debug|Any CPU.Build.0 = Debug|Any CPU
		{0244C3BB-16F6-4669-9830-B72AA2999BC8}.Release|Any CPU.ActiveCfg = Release|Any CPU
		{0244C3BB-16F6-4669-9830-B72AA2999BC8}.Release|Any CPU.Build.0 = Release|Any CPU
		{002672E3-B62B-44D7-B4DD-E9D8F0BEED3A}.Debug|Any CPU.ActiveCfg = Debug|Any CPU
		{002672E3-B62B-44D7-B4DD-E9D8F0BEED3A}.Debug|Any CPU.Build.0 = Debug|Any CPU
		{002672E3-B62B-44D7-B4DD-E9D8F0BEED3A}.Release|Any CPU.ActiveCfg = Release|Any CPU
		{002672E3-B62B-44D7-B4DD-E9D8F0BEED3A}.Release|Any CPU.Build.0 = Release|Any CPU
		{217E1312-23E6-497F-9E98-09B22D15C2C4}.Debug|Any CPU.ActiveCfg = Debug|Any CPU
		{217E1312-23E6-497F-9E98-09B22D15C2C4}.Debug|Any CPU.Build.0 = Debug|Any CPU
		{217E1312-23E6-497F-9E98-09B22D15C2C4}.Release|Any CPU.ActiveCfg = Release|Any CPU
		{217E1312-23E6-497F-9E98-09B22D15C2C4}.Release|Any CPU.Build.0 = Release|Any CPU
		{A5518101-1F16-4B67-AB09-44B29249DDFE}.Debug|Any CPU.ActiveCfg = Debug|Any CPU
		{A5518101-1F16-4B67-AB09-44B29249DDFE}.Debug|Any CPU.Build.0 = Debug|Any CPU
		{A5518101-1F16-4B67-AB09-44B29249DDFE}.Release|Any CPU.ActiveCfg = Release|Any CPU
		{A5518101-1F16-4B67-AB09-44B29249DDFE}.Release|Any CPU.Build.0 = Release|Any CPU
		{97BBE203-90D8-4B61-B396-506028239731}.Debug|Any CPU.ActiveCfg = Debug|Any CPU
		{97BBE203-90D8-4B61-B396-506028239731}.Debug|Any CPU.Build.0 = Debug|Any CPU
		{97BBE203-90D8-4B61-B396-506028239731}.Release|Any CPU.ActiveCfg = Release|Any CPU
		{97BBE203-90D8-4B61-B396-506028239731}.Release|Any CPU.Build.0 = Release|Any CPU
		{BC021BAE-7F9C-4281-9BCA-E06FF91E5969}.Debug|Any CPU.ActiveCfg = Debug|Any CPU
		{BC021BAE-7F9C-4281-9BCA-E06FF91E5969}.Debug|Any CPU.Build.0 = Debug|Any CPU
		{BC021BAE-7F9C-4281-9BCA-E06FF91E5969}.Release|Any CPU.ActiveCfg = Release|Any CPU
		{BC021BAE-7F9C-4281-9BCA-E06FF91E5969}.Release|Any CPU.Build.0 = Release|Any CPU
		{A253F817-FA36-46CE-8995-E9BE7FF74371}.Debug|Any CPU.ActiveCfg = Debug|Any CPU
		{A253F817-FA36-46CE-8995-E9BE7FF74371}.Debug|Any CPU.Build.0 = Debug|Any CPU
		{A253F817-FA36-46CE-8995-E9BE7FF74371}.Release|Any CPU.ActiveCfg = Release|Any CPU
		{A253F817-FA36-46CE-8995-E9BE7FF74371}.Release|Any CPU.Build.0 = Release|Any CPU
		{3EEAB05E-227B-4734-A019-D44688775279}.Debug|Any CPU.ActiveCfg = Debug|Any CPU
		{3EEAB05E-227B-4734-A019-D44688775279}.Debug|Any CPU.Build.0 = Debug|Any CPU
		{3EEAB05E-227B-4734-A019-D44688775279}.Release|Any CPU.ActiveCfg = Release|Any CPU
		{3EEAB05E-227B-4734-A019-D44688775279}.Release|Any CPU.Build.0 = Release|Any CPU
		{8F23318E-B1F6-45B0-AEF7-943B44827212}.Debug|Any CPU.ActiveCfg = Debug|Any CPU
		{8F23318E-B1F6-45B0-AEF7-943B44827212}.Debug|Any CPU.Build.0 = Debug|Any CPU
		{8F23318E-B1F6-45B0-AEF7-943B44827212}.Release|Any CPU.ActiveCfg = Release|Any CPU
		{8F23318E-B1F6-45B0-AEF7-943B44827212}.Release|Any CPU.Build.0 = Release|Any CPU
		{1838A663-25F1-433B-B6A7-F481AEBBF570}.Debug|Any CPU.ActiveCfg = Debug|Any CPU
		{1838A663-25F1-433B-B6A7-F481AEBBF570}.Debug|Any CPU.Build.0 = Debug|Any CPU
		{1838A663-25F1-433B-B6A7-F481AEBBF570}.Release|Any CPU.ActiveCfg = Release|Any CPU
		{1838A663-25F1-433B-B6A7-F481AEBBF570}.Release|Any CPU.Build.0 = Release|Any CPU
		{9B07F300-3CC5-4F95-827C-1BDCEBD288E0}.Debug|Any CPU.ActiveCfg = Debug|Any CPU
		{9B07F300-3CC5-4F95-827C-1BDCEBD288E0}.Debug|Any CPU.Build.0 = Debug|Any CPU
		{9B07F300-3CC5-4F95-827C-1BDCEBD288E0}.Release|Any CPU.ActiveCfg = Release|Any CPU
		{9B07F300-3CC5-4F95-827C-1BDCEBD288E0}.Release|Any CPU.Build.0 = Release|Any CPU
		{FDC5E24C-74A0-4E7E-9472-5ED92D75638E}.Debug|Any CPU.ActiveCfg = Debug|Any CPU
		{FDC5E24C-74A0-4E7E-9472-5ED92D75638E}.Debug|Any CPU.Build.0 = Debug|Any CPU
		{FDC5E24C-74A0-4E7E-9472-5ED92D75638E}.Release|Any CPU.ActiveCfg = Release|Any CPU
		{FDC5E24C-74A0-4E7E-9472-5ED92D75638E}.Release|Any CPU.Build.0 = Release|Any CPU
		{39C47974-5A98-4FCD-B753-3F6CB5CC2045}.Debug|Any CPU.ActiveCfg = Debug|Any CPU
		{39C47974-5A98-4FCD-B753-3F6CB5CC2045}.Debug|Any CPU.Build.0 = Debug|Any CPU
		{39C47974-5A98-4FCD-B753-3F6CB5CC2045}.Release|Any CPU.ActiveCfg = Release|Any CPU
		{39C47974-5A98-4FCD-B753-3F6CB5CC2045}.Release|Any CPU.Build.0 = Release|Any CPU
		{BD20CD7B-F882-4146-852A-C0080B2DCE5B}.Debug|Any CPU.ActiveCfg = Debug|Any CPU
		{BD20CD7B-F882-4146-852A-C0080B2DCE5B}.Debug|Any CPU.Build.0 = Debug|Any CPU
		{BD20CD7B-F882-4146-852A-C0080B2DCE5B}.Release|Any CPU.ActiveCfg = Release|Any CPU
		{BD20CD7B-F882-4146-852A-C0080B2DCE5B}.Release|Any CPU.Build.0 = Release|Any CPU
		{0E5139B6-01F5-4F26-B306-4249617BCD76}.Debug|Any CPU.ActiveCfg = Debug|Any CPU
		{0E5139B6-01F5-4F26-B306-4249617BCD76}.Debug|Any CPU.Build.0 = Debug|Any CPU
		{0E5139B6-01F5-4F26-B306-4249617BCD76}.Release|Any CPU.ActiveCfg = Release|Any CPU
		{0E5139B6-01F5-4F26-B306-4249617BCD76}.Release|Any CPU.Build.0 = Release|Any CPU
		{0E0DF1AF-7F6F-4F30-A885-4BF82927B2FE}.Debug|Any CPU.ActiveCfg = Debug|Any CPU
		{0E0DF1AF-7F6F-4F30-A885-4BF82927B2FE}.Debug|Any CPU.Build.0 = Debug|Any CPU
		{0E0DF1AF-7F6F-4F30-A885-4BF82927B2FE}.Release|Any CPU.ActiveCfg = Release|Any CPU
		{0E0DF1AF-7F6F-4F30-A885-4BF82927B2FE}.Release|Any CPU.Build.0 = Release|Any CPU
		{5BFF909B-3EC0-4855-A6B7-309685C719FF}.Debug|Any CPU.ActiveCfg = Debug|Any CPU
		{5BFF909B-3EC0-4855-A6B7-309685C719FF}.Debug|Any CPU.Build.0 = Debug|Any CPU
		{5BFF909B-3EC0-4855-A6B7-309685C719FF}.Release|Any CPU.ActiveCfg = Release|Any CPU
		{5BFF909B-3EC0-4855-A6B7-309685C719FF}.Release|Any CPU.Build.0 = Release|Any CPU
		{24D85E94-B7DE-40C3-8029-D6C30C3A9C3F}.Debug|Any CPU.ActiveCfg = Debug|Any CPU
		{24D85E94-B7DE-40C3-8029-D6C30C3A9C3F}.Debug|Any CPU.Build.0 = Debug|Any CPU
		{24D85E94-B7DE-40C3-8029-D6C30C3A9C3F}.Release|Any CPU.ActiveCfg = Release|Any CPU
		{24D85E94-B7DE-40C3-8029-D6C30C3A9C3F}.Release|Any CPU.Build.0 = Release|Any CPU
		{C81D135B-57E7-477C-A0A9-F3551E565C80}.Debug|Any CPU.ActiveCfg = Debug|Any CPU
		{C81D135B-57E7-477C-A0A9-F3551E565C80}.Debug|Any CPU.Build.0 = Debug|Any CPU
		{C81D135B-57E7-477C-A0A9-F3551E565C80}.Release|Any CPU.ActiveCfg = Release|Any CPU
		{C81D135B-57E7-477C-A0A9-F3551E565C80}.Release|Any CPU.Build.0 = Release|Any CPU
	EndGlobalSection
	GlobalSection(SolutionProperties) = preSolution
		HideSolutionNode = FALSE
	EndGlobalSection
	GlobalSection(NestedProjects) = preSolution
		{FF06CFC9-4A33-420D-A6CE-809BEEC4F70D} = {BEE819FE-1960-4AAD-869F-A83ADF8D232A}
		{C5376ADF-309A-48DE-904C-B1FE1965C370} = {BEE819FE-1960-4AAD-869F-A83ADF8D232A}
		{0244C3BB-16F6-4669-9830-B72AA2999BC8} = {317B96A8-E8C4-4BD7-B21C-4C46A236BCD0}
		{002672E3-B62B-44D7-B4DD-E9D8F0BEED3A} = {317B96A8-E8C4-4BD7-B21C-4C46A236BCD0}
		{217E1312-23E6-497F-9E98-09B22D15C2C4} = {7E439F66-BAF4-428F-878B-95EB78083783}
		{A5518101-1F16-4B67-AB09-44B29249DDFE} = {955AAE89-EEE6-4C1E-BD8B-C0A52CC5C70C}
		{97BBE203-90D8-4B61-B396-506028239731} = {955AAE89-EEE6-4C1E-BD8B-C0A52CC5C70C}
		{BC021BAE-7F9C-4281-9BCA-E06FF91E5969} = {955AAE89-EEE6-4C1E-BD8B-C0A52CC5C70C}
		{A253F817-FA36-46CE-8995-E9BE7FF74371} = {955AAE89-EEE6-4C1E-BD8B-C0A52CC5C70C}
		{3EEAB05E-227B-4734-A019-D44688775279} = {46A97CAD-56BD-403F-BA8C-547CE3B015A0}
		{8F23318E-B1F6-45B0-AEF7-943B44827212} = {46A97CAD-56BD-403F-BA8C-547CE3B015A0}
		{1838A663-25F1-433B-B6A7-F481AEBBF570} = {46A97CAD-56BD-403F-BA8C-547CE3B015A0}
		{9B07F300-3CC5-4F95-827C-1BDCEBD288E0} = {955AAE89-EEE6-4C1E-BD8B-C0A52CC5C70C}
		{FDC5E24C-74A0-4E7E-9472-5ED92D75638E} = {955AAE89-EEE6-4C1E-BD8B-C0A52CC5C70C}
		{39C47974-5A98-4FCD-B753-3F6CB5CC2045} = {7E439F66-BAF4-428F-878B-95EB78083783}
		{BD20CD7B-F882-4146-852A-C0080B2DCE5B} = {7E439F66-BAF4-428F-878B-95EB78083783}
		{0E5139B6-01F5-4F26-B306-4249617BCD76} = {7E439F66-BAF4-428F-878B-95EB78083783}
		{0E0DF1AF-7F6F-4F30-A885-4BF82927B2FE} = {955AAE89-EEE6-4C1E-BD8B-C0A52CC5C70C}
		{5BFF909B-3EC0-4855-A6B7-309685C719FF} = {955AAE89-EEE6-4C1E-BD8B-C0A52CC5C70C}
		{24D85E94-B7DE-40C3-8029-D6C30C3A9C3F} = {317B96A8-E8C4-4BD7-B21C-4C46A236BCD0}
		{C81D135B-57E7-477C-A0A9-F3551E565C80} = {955AAE89-EEE6-4C1E-BD8B-C0A52CC5C70C}
	EndGlobalSection
EndGlobal
