
Microsoft Visual Studio Solution File, Format Version 12.00
# Visual Studio 15
VisualStudioVersion = 15.0.26228.4
MinimumVisualStudioVersion = 10.0.40219.1
Project("{FAE04EC0-301F-11D3-BF4B-00C04F79EFBC}") = "YMDLL", "YMDLL\YMDLL.csproj", "{FF06CFC9-4A33-420D-A6CE-809BEEC4F70D}"
EndProject
Project("{FAE04EC0-301F-11D3-BF4B-00C04F79EFBC}") = "CKFinder.Net", "ckfinder\_source\CKFinder.Net.csproj", "{C5376ADF-309A-48DE-904C-B1FE1965C370}"
EndProject
Project("{FAE04EC0-301F-11D3-BF4B-00C04F79EFBC}") = "Test_WindowsForm", "Test_WindowsForm\Test_WindowsForm.csproj", "{0244C3BB-16F6-4669-9830-B72AA2999BC8}"
EndProject
Project("{2150E333-8FDC-42A3-9474-1A3956D46DE8}") = "99-Test", "99-Test", "{317B96A8-E8C4-4BD7-B21C-4C46A236BCD0}"
EndProject
Project("{2150E333-8FDC-42A3-9474-1A3956D46DE8}") = "01-SDK", "01-SDK", "{BEE819FE-1960-4AAD-869F-A83ADF8D232A}"
EndProject
Project("{2150E333-8FDC-42A3-9474-1A3956D46DE8}") = "02-PilotDataUtil", "02-PilotDataUtil", "{955AAE89-EEE6-4C1E-BD8B-C0A52CC5C70C}"
EndProject
Project("{FAE04EC0-301F-11D3-BF4B-00C04F79EFBC}") = "PilotData", "PilotData\PilotData.csproj", "{A5518101-1F16-4B67-AB09-44B29249DDFE}"
EndProject
Project("{FAE04EC0-301F-11D3-BF4B-00C04F79EFBC}") = "AgencyEntity", "AgencyEntity\AgencyEntity.csproj", "{97BBE203-90D8-4B61-B396-506028239731}"
EndProject
Project("{FAE04EC0-301F-11D3-BF4B-00C04F79EFBC}") = "PilotDataConsole", "PilotDataConsole\PilotDataConsole.csproj", "{BC021BAE-7F9C-4281-9BCA-E06FF91E5969}"
	ProjectSection(ProjectDependencies) = postProject
		{9B07F300-3CC5-4F95-827C-1BDCEBD288E0} = {9B07F300-3CC5-4F95-827C-1BDCEBD288E0}
		{0E0DF1AF-7F6F-4F30-A885-4BF82927B2FE} = {0E0DF1AF-7F6F-4F30-A885-4BF82927B2FE}
	EndProjectSection
EndProject
Project("{FAE04EC0-301F-11D3-BF4B-00C04F79EFBC}") = "Model", "Model\Model.csproj", "{A253F817-FA36-46CE-8995-E9BE7FF74371}"
EndProject
Project("{2150E333-8FDC-42A3-9474-1A3956D46DE8}") = "98-Demo", "98-Demo", "{46A97CAD-56BD-403F-BA8C-547CE3B015A0}"
EndProject
Project("{FAE04EC0-301F-11D3-BF4B-00C04F79EFBC}") = "ThreadDemo", "ThreadDemo\ThreadDemo.csproj", "{3EEAB05E-227B-4734-A019-D44688775279}"
EndProject
Project("{FAE04EC0-301F-11D3-BF4B-00C04F79EFBC}") = "DelegateDemo", "DelegateDemo\DelegateDemo.csproj", "{8F23318E-B1F6-45B0-AEF7-943B44827212}"
EndProject
Project("{FAE04EC0-301F-11D3-BF4B-00C04F79EFBC}") = "EventDemo", "EventDemo\EventDemo.csproj", "{1838A663-25F1-433B-B6A7-F481AEBBF570}"
EndProject
Project("{FAE04EC0-301F-11D3-BF4B-00C04F79EFBC}") = "Entity_Base", "Entity_Base\Entity_Base.csproj", "{9B07F300-3CC5-4F95-827C-1BDCEBD288E0}"
EndProject
Project("{FAE04EC0-301F-11D3-BF4B-00C04F79EFBC}") = "Entity_ToYM", "Entity_ToYM\Entity_ToYM.csproj", "{FDC5E24C-74A0-4E7E-9472-5ED92D75638E}"
EndProject
Project("{FAE04EC0-301F-11D3-BF4B-00C04F79EFBC}") = "AgencyToERP_PHP", "AgencyToERP_PHP\AgencyToERP_PHP.csproj", "{0E0DF1AF-7F6F-4F30-A885-4BF82927B2FE}"
EndProject
Project("{FAE04EC0-301F-11D3-BF4B-00C04F79EFBC}") = "PilotDataConsoleT3", "PilotDataConsoleT3\PilotDataConsoleT3.csproj", "{5BFF909B-3EC0-4855-A6B7-309685C719FF}"
EndProject
Project("{FAE04EC0-301F-11D3-BF4B-00C04F79EFBC}") = "Test_Console", "Test_Console\Test_Console.csproj", "{24D85E94-B7DE-40C3-8029-D6C30C3A9C3F}"
EndProject
Project("{FAE04EC0-301F-11D3-BF4B-00C04F79EFBC}") = "HzlyToERP3_PHP", "HzlyToERP3_PHP\HzlyToERP3_PHP.csproj", "{22CB362E-0B63-4A27-BF2C-FA7528C56982}"
EndProject
Project("{FAE04EC0-301F-11D3-BF4B-00C04F79EFBC}") = "PilotData_Hzly", "PilotData_Hzly\PilotData_Hzly.csproj", "{A326E46B-19E9-4F53-87FE-7F5D864E71F1}"
EndProject
Project("{FAE04EC0-301F-11D3-BF4B-00C04F79EFBC}") = "ERP3ToOBS", "ERP3ToOBS\ERP3ToOBS.csproj", "{75BF13C6-C69F-47A1-A333-0D919FC39728}"
EndProject
Project("{FAE04EC0-301F-11D3-BF4B-00C04F79EFBC}") = "PilotData_ToOBS", "PilotData_ToOBS\PilotData_ToOBS.csproj", "{8D704776-7B3C-4F20-AA2F-E4D9E37CACDB}"
EndProject
Project("{2150E333-8FDC-42A3-9474-1A3956D46DE8}") = "03-Core", "03-Core", "{AEE18011-1612-41D9-A7E1-567B6B509EB0}"
EndProject
Project("{FAE04EC0-301F-11D3-BF4B-00C04F79EFBC}") = "CC_PilotData", "CC_PilotData\CC_PilotData.csproj", "{7322AF0A-E183-4788-A27D-FA3280A6271A}"
EndProject
Project("{FAE04EC0-301F-11D3-BF4B-00C04F79EFBC}") = "CW_PilotData", "CW_PilotData\CW_PilotData.csproj", "{80993C2A-3035-46BA-9E4B-104922E3698E}"
EndProject
Global
	GlobalSection(SolutionConfigurationPlatforms) = preSolution
		Debug|Any CPU = Debug|Any CPU
		Debug|x64 = Debug|x64
		Debug|x86 = Debug|x86
		Release|Any CPU = Release|Any CPU
		Release|x64 = Release|x64
		Release|x86 = Release|x86
	EndGlobalSection
	GlobalSection(ProjectConfigurationPlatforms) = postSolution
		{FF06CFC9-4A33-420D-A6CE-809BEEC4F70D}.Debug|Any CPU.ActiveCfg = Debug|Any CPU
		{FF06CFC9-4A33-420D-A6CE-809BEEC4F70D}.Debug|Any CPU.Build.0 = Debug|Any CPU
		{FF06CFC9-4A33-420D-A6CE-809BEEC4F70D}.Debug|x64.ActiveCfg = Debug|Any CPU
		{FF06CFC9-4A33-420D-A6CE-809BEEC4F70D}.Debug|x64.Build.0 = Debug|Any CPU
		{FF06CFC9-4A33-420D-A6CE-809BEEC4F70D}.Debug|x86.ActiveCfg = Debug|Any CPU
		{FF06CFC9-4A33-420D-A6CE-809BEEC4F70D}.Debug|x86.Build.0 = Debug|Any CPU
		{FF06CFC9-4A33-420D-A6CE-809BEEC4F70D}.Release|Any CPU.ActiveCfg = Release|Any CPU
		{FF06CFC9-4A33-420D-A6CE-809BEEC4F70D}.Release|Any CPU.Build.0 = Release|Any CPU
		{FF06CFC9-4A33-420D-A6CE-809BEEC4F70D}.Release|x64.ActiveCfg = Release|Any CPU
		{FF06CFC9-4A33-420D-A6CE-809BEEC4F70D}.Release|x64.Build.0 = Release|Any CPU
		{FF06CFC9-4A33-420D-A6CE-809BEEC4F70D}.Release|x86.ActiveCfg = Release|Any CPU
		{FF06CFC9-4A33-420D-A6CE-809BEEC4F70D}.Release|x86.Build.0 = Release|Any CPU
		{C5376ADF-309A-48DE-904C-B1FE1965C370}.Debug|Any CPU.ActiveCfg = Debug|Any CPU
		{C5376ADF-309A-48DE-904C-B1FE1965C370}.Debug|Any CPU.Build.0 = Debug|Any CPU
		{C5376ADF-309A-48DE-904C-B1FE1965C370}.Debug|x64.ActiveCfg = Debug|Any CPU
		{C5376ADF-309A-48DE-904C-B1FE1965C370}.Debug|x64.Build.0 = Debug|Any CPU
		{C5376ADF-309A-48DE-904C-B1FE1965C370}.Debug|x86.ActiveCfg = Debug|Any CPU
		{C5376ADF-309A-48DE-904C-B1FE1965C370}.Debug|x86.Build.0 = Debug|Any CPU
		{C5376ADF-309A-48DE-904C-B1FE1965C370}.Release|Any CPU.ActiveCfg = Release|Any CPU
		{C5376ADF-309A-48DE-904C-B1FE1965C370}.Release|Any CPU.Build.0 = Release|Any CPU
		{C5376ADF-309A-48DE-904C-B1FE1965C370}.Release|x64.ActiveCfg = Release|Any CPU
		{C5376ADF-309A-48DE-904C-B1FE1965C370}.Release|x64.Build.0 = Release|Any CPU
		{C5376ADF-309A-48DE-904C-B1FE1965C370}.Release|x86.ActiveCfg = Release|Any CPU
		{C5376ADF-309A-48DE-904C-B1FE1965C370}.Release|x86.Build.0 = Release|Any CPU
		{0244C3BB-16F6-4669-9830-B72AA2999BC8}.Debug|Any CPU.ActiveCfg = Debug|Any CPU
		{0244C3BB-16F6-4669-9830-B72AA2999BC8}.Debug|Any CPU.Build.0 = Debug|Any CPU
		{0244C3BB-16F6-4669-9830-B72AA2999BC8}.Debug|x64.ActiveCfg = Debug|Any CPU
		{0244C3BB-16F6-4669-9830-B72AA2999BC8}.Debug|x64.Build.0 = Debug|Any CPU
		{0244C3BB-16F6-4669-9830-B72AA2999BC8}.Debug|x86.ActiveCfg = Debug|Any CPU
		{0244C3BB-16F6-4669-9830-B72AA2999BC8}.Debug|x86.Build.0 = Debug|Any CPU
		{0244C3BB-16F6-4669-9830-B72AA2999BC8}.Release|Any CPU.ActiveCfg = Release|Any CPU
		{0244C3BB-16F6-4669-9830-B72AA2999BC8}.Release|Any CPU.Build.0 = Release|Any CPU
		{0244C3BB-16F6-4669-9830-B72AA2999BC8}.Release|x64.ActiveCfg = Release|Any CPU
		{0244C3BB-16F6-4669-9830-B72AA2999BC8}.Release|x64.Build.0 = Release|Any CPU
		{0244C3BB-16F6-4669-9830-B72AA2999BC8}.Release|x86.ActiveCfg = Release|Any CPU
		{0244C3BB-16F6-4669-9830-B72AA2999BC8}.Release|x86.Build.0 = Release|Any CPU
		{A5518101-1F16-4B67-AB09-44B29249DDFE}.Debug|Any CPU.ActiveCfg = Debug|Any CPU
		{A5518101-1F16-4B67-AB09-44B29249DDFE}.Debug|Any CPU.Build.0 = Debug|Any CPU
		{A5518101-1F16-4B67-AB09-44B29249DDFE}.Debug|x64.ActiveCfg = Debug|Any CPU
		{A5518101-1F16-4B67-AB09-44B29249DDFE}.Debug|x64.Build.0 = Debug|Any CPU
		{A5518101-1F16-4B67-AB09-44B29249DDFE}.Debug|x86.ActiveCfg = Debug|Any CPU
		{A5518101-1F16-4B67-AB09-44B29249DDFE}.Debug|x86.Build.0 = Debug|Any CPU
		{A5518101-1F16-4B67-AB09-44B29249DDFE}.Release|Any CPU.ActiveCfg = Release|Any CPU
		{A5518101-1F16-4B67-AB09-44B29249DDFE}.Release|Any CPU.Build.0 = Release|Any CPU
		{A5518101-1F16-4B67-AB09-44B29249DDFE}.Release|x64.ActiveCfg = Release|Any CPU
		{A5518101-1F16-4B67-AB09-44B29249DDFE}.Release|x64.Build.0 = Release|Any CPU
		{A5518101-1F16-4B67-AB09-44B29249DDFE}.Release|x86.ActiveCfg = Release|Any CPU
		{A5518101-1F16-4B67-AB09-44B29249DDFE}.Release|x86.Build.0 = Release|Any CPU
		{97BBE203-90D8-4B61-B396-506028239731}.Debug|Any CPU.ActiveCfg = Debug|Any CPU
		{97BBE203-90D8-4B61-B396-506028239731}.Debug|Any CPU.Build.0 = Debug|Any CPU
		{97BBE203-90D8-4B61-B396-506028239731}.Debug|x64.ActiveCfg = Debug|Any CPU
		{97BBE203-90D8-4B61-B396-506028239731}.Debug|x64.Build.0 = Debug|Any CPU
		{97BBE203-90D8-4B61-B396-506028239731}.Debug|x86.ActiveCfg = Debug|Any CPU
		{97BBE203-90D8-4B61-B396-506028239731}.Debug|x86.Build.0 = Debug|Any CPU
		{97BBE203-90D8-4B61-B396-506028239731}.Release|Any CPU.ActiveCfg = Release|Any CPU
		{97BBE203-90D8-4B61-B396-506028239731}.Release|Any CPU.Build.0 = Release|Any CPU
		{97BBE203-90D8-4B61-B396-506028239731}.Release|x64.ActiveCfg = Release|Any CPU
		{97BBE203-90D8-4B61-B396-506028239731}.Release|x64.Build.0 = Release|Any CPU
		{97BBE203-90D8-4B61-B396-506028239731}.Release|x86.ActiveCfg = Release|Any CPU
		{97BBE203-90D8-4B61-B396-506028239731}.Release|x86.Build.0 = Release|Any CPU
		{BC021BAE-7F9C-4281-9BCA-E06FF91E5969}.Debug|Any CPU.ActiveCfg = Debug|Any CPU
		{BC021BAE-7F9C-4281-9BCA-E06FF91E5969}.Debug|Any CPU.Build.0 = Debug|Any CPU
		{BC021BAE-7F9C-4281-9BCA-E06FF91E5969}.Debug|x64.ActiveCfg = Debug|Any CPU
		{BC021BAE-7F9C-4281-9BCA-E06FF91E5969}.Debug|x64.Build.0 = Debug|Any CPU
		{BC021BAE-7F9C-4281-9BCA-E06FF91E5969}.Debug|x86.ActiveCfg = Debug|Any CPU
		{BC021BAE-7F9C-4281-9BCA-E06FF91E5969}.Debug|x86.Build.0 = Debug|Any CPU
		{BC021BAE-7F9C-4281-9BCA-E06FF91E5969}.Release|Any CPU.ActiveCfg = Release|Any CPU
		{BC021BAE-7F9C-4281-9BCA-E06FF91E5969}.Release|Any CPU.Build.0 = Release|Any CPU
		{BC021BAE-7F9C-4281-9BCA-E06FF91E5969}.Release|x64.ActiveCfg = Release|Any CPU
		{BC021BAE-7F9C-4281-9BCA-E06FF91E5969}.Release|x64.Build.0 = Release|Any CPU
		{BC021BAE-7F9C-4281-9BCA-E06FF91E5969}.Release|x86.ActiveCfg = Release|Any CPU
		{BC021BAE-7F9C-4281-9BCA-E06FF91E5969}.Release|x86.Build.0 = Release|Any CPU
		{A253F817-FA36-46CE-8995-E9BE7FF74371}.Debug|Any CPU.ActiveCfg = Debug|Any CPU
		{A253F817-FA36-46CE-8995-E9BE7FF74371}.Debug|Any CPU.Build.0 = Debug|Any CPU
		{A253F817-FA36-46CE-8995-E9BE7FF74371}.Debug|x64.ActiveCfg = Debug|Any CPU
		{A253F817-FA36-46CE-8995-E9BE7FF74371}.Debug|x64.Build.0 = Debug|Any CPU
		{A253F817-FA36-46CE-8995-E9BE7FF74371}.Debug|x86.ActiveCfg = Debug|Any CPU
		{A253F817-FA36-46CE-8995-E9BE7FF74371}.Debug|x86.Build.0 = Debug|Any CPU
		{A253F817-FA36-46CE-8995-E9BE7FF74371}.Release|Any CPU.ActiveCfg = Release|Any CPU
		{A253F817-FA36-46CE-8995-E9BE7FF74371}.Release|Any CPU.Build.0 = Release|Any CPU
		{A253F817-FA36-46CE-8995-E9BE7FF74371}.Release|x64.ActiveCfg = Release|Any CPU
		{A253F817-FA36-46CE-8995-E9BE7FF74371}.Release|x64.Build.0 = Release|Any CPU
		{A253F817-FA36-46CE-8995-E9BE7FF74371}.Release|x86.ActiveCfg = Release|Any CPU
		{A253F817-FA36-46CE-8995-E9BE7FF74371}.Release|x86.Build.0 = Release|Any CPU
		{3EEAB05E-227B-4734-A019-D44688775279}.Debug|Any CPU.ActiveCfg = Debug|Any CPU
		{3EEAB05E-227B-4734-A019-D44688775279}.Debug|Any CPU.Build.0 = Debug|Any CPU
		{3EEAB05E-227B-4734-A019-D44688775279}.Debug|x64.ActiveCfg = Debug|Any CPU
		{3EEAB05E-227B-4734-A019-D44688775279}.Debug|x64.Build.0 = Debug|Any CPU
		{3EEAB05E-227B-4734-A019-D44688775279}.Debug|x86.ActiveCfg = Debug|Any CPU
		{3EEAB05E-227B-4734-A019-D44688775279}.Debug|x86.Build.0 = Debug|Any CPU
		{3EEAB05E-227B-4734-A019-D44688775279}.Release|Any CPU.ActiveCfg = Release|Any CPU
		{3EEAB05E-227B-4734-A019-D44688775279}.Release|Any CPU.Build.0 = Release|Any CPU
		{3EEAB05E-227B-4734-A019-D44688775279}.Release|x64.ActiveCfg = Release|Any CPU
		{3EEAB05E-227B-4734-A019-D44688775279}.Release|x64.Build.0 = Release|Any CPU
		{3EEAB05E-227B-4734-A019-D44688775279}.Release|x86.ActiveCfg = Release|Any CPU
		{3EEAB05E-227B-4734-A019-D44688775279}.Release|x86.Build.0 = Release|Any CPU
		{8F23318E-B1F6-45B0-AEF7-943B44827212}.Debug|Any CPU.ActiveCfg = Debug|Any CPU
		{8F23318E-B1F6-45B0-AEF7-943B44827212}.Debug|Any CPU.Build.0 = Debug|Any CPU
		{8F23318E-B1F6-45B0-AEF7-943B44827212}.Debug|x64.ActiveCfg = Debug|Any CPU
		{8F23318E-B1F6-45B0-AEF7-943B44827212}.Debug|x64.Build.0 = Debug|Any CPU
		{8F23318E-B1F6-45B0-AEF7-943B44827212}.Debug|x86.ActiveCfg = Debug|Any CPU
		{8F23318E-B1F6-45B0-AEF7-943B44827212}.Debug|x86.Build.0 = Debug|Any CPU
		{8F23318E-B1F6-45B0-AEF7-943B44827212}.Release|Any CPU.ActiveCfg = Release|Any CPU
		{8F23318E-B1F6-45B0-AEF7-943B44827212}.Release|Any CPU.Build.0 = Release|Any CPU
		{8F23318E-B1F6-45B0-AEF7-943B44827212}.Release|x64.ActiveCfg = Release|Any CPU
		{8F23318E-B1F6-45B0-AEF7-943B44827212}.Release|x64.Build.0 = Release|Any CPU
		{8F23318E-B1F6-45B0-AEF7-943B44827212}.Release|x86.ActiveCfg = Release|Any CPU
		{8F23318E-B1F6-45B0-AEF7-943B44827212}.Release|x86.Build.0 = Release|Any CPU
		{1838A663-25F1-433B-B6A7-F481AEBBF570}.Debug|Any CPU.ActiveCfg = Debug|Any CPU
		{1838A663-25F1-433B-B6A7-F481AEBBF570}.Debug|Any CPU.Build.0 = Debug|Any CPU
		{1838A663-25F1-433B-B6A7-F481AEBBF570}.Debug|x64.ActiveCfg = Debug|Any CPU
		{1838A663-25F1-433B-B6A7-F481AEBBF570}.Debug|x64.Build.0 = Debug|Any CPU
		{1838A663-25F1-433B-B6A7-F481AEBBF570}.Debug|x86.ActiveCfg = Debug|Any CPU
		{1838A663-25F1-433B-B6A7-F481AEBBF570}.Debug|x86.Build.0 = Debug|Any CPU
		{1838A663-25F1-433B-B6A7-F481AEBBF570}.Release|Any CPU.ActiveCfg = Release|Any CPU
		{1838A663-25F1-433B-B6A7-F481AEBBF570}.Release|Any CPU.Build.0 = Release|Any CPU
		{1838A663-25F1-433B-B6A7-F481AEBBF570}.Release|x64.ActiveCfg = Release|Any CPU
		{1838A663-25F1-433B-B6A7-F481AEBBF570}.Release|x64.Build.0 = Release|Any CPU
		{1838A663-25F1-433B-B6A7-F481AEBBF570}.Release|x86.ActiveCfg = Release|Any CPU
		{1838A663-25F1-433B-B6A7-F481AEBBF570}.Release|x86.Build.0 = Release|Any CPU
		{9B07F300-3CC5-4F95-827C-1BDCEBD288E0}.Debug|Any CPU.ActiveCfg = Debug|Any CPU
		{9B07F300-3CC5-4F95-827C-1BDCEBD288E0}.Debug|Any CPU.Build.0 = Debug|Any CPU
		{9B07F300-3CC5-4F95-827C-1BDCEBD288E0}.Debug|x64.ActiveCfg = Debug|Any CPU
		{9B07F300-3CC5-4F95-827C-1BDCEBD288E0}.Debug|x64.Build.0 = Debug|Any CPU
		{9B07F300-3CC5-4F95-827C-1BDCEBD288E0}.Debug|x86.ActiveCfg = Debug|Any CPU
		{9B07F300-3CC5-4F95-827C-1BDCEBD288E0}.Debug|x86.Build.0 = Debug|Any CPU
		{9B07F300-3CC5-4F95-827C-1BDCEBD288E0}.Release|Any CPU.ActiveCfg = Release|Any CPU
		{9B07F300-3CC5-4F95-827C-1BDCEBD288E0}.Release|Any CPU.Build.0 = Release|Any CPU
		{9B07F300-3CC5-4F95-827C-1BDCEBD288E0}.Release|x64.ActiveCfg = Release|Any CPU
		{9B07F300-3CC5-4F95-827C-1BDCEBD288E0}.Release|x64.Build.0 = Release|Any CPU
		{9B07F300-3CC5-4F95-827C-1BDCEBD288E0}.Release|x86.ActiveCfg = Release|Any CPU
		{9B07F300-3CC5-4F95-827C-1BDCEBD288E0}.Release|x86.Build.0 = Release|Any CPU
		{FDC5E24C-74A0-4E7E-9472-5ED92D75638E}.Debug|Any CPU.ActiveCfg = Debug|Any CPU
		{FDC5E24C-74A0-4E7E-9472-5ED92D75638E}.Debug|Any CPU.Build.0 = Debug|Any CPU
		{FDC5E24C-74A0-4E7E-9472-5ED92D75638E}.Debug|x64.ActiveCfg = Debug|Any CPU
		{FDC5E24C-74A0-4E7E-9472-5ED92D75638E}.Debug|x64.Build.0 = Debug|Any CPU
		{FDC5E24C-74A0-4E7E-9472-5ED92D75638E}.Debug|x86.ActiveCfg = Debug|Any CPU
		{FDC5E24C-74A0-4E7E-9472-5ED92D75638E}.Debug|x86.Build.0 = Debug|Any CPU
		{FDC5E24C-74A0-4E7E-9472-5ED92D75638E}.Release|Any CPU.ActiveCfg = Release|Any CPU
		{FDC5E24C-74A0-4E7E-9472-5ED92D75638E}.Release|Any CPU.Build.0 = Release|Any CPU
		{FDC5E24C-74A0-4E7E-9472-5ED92D75638E}.Release|x64.ActiveCfg = Release|Any CPU
		{FDC5E24C-74A0-4E7E-9472-5ED92D75638E}.Release|x64.Build.0 = Release|Any CPU
		{FDC5E24C-74A0-4E7E-9472-5ED92D75638E}.Release|x86.ActiveCfg = Release|Any CPU
		{FDC5E24C-74A0-4E7E-9472-5ED92D75638E}.Release|x86.Build.0 = Release|Any CPU
		{0E0DF1AF-7F6F-4F30-A885-4BF82927B2FE}.Debug|Any CPU.ActiveCfg = Debug|Any CPU
		{0E0DF1AF-7F6F-4F30-A885-4BF82927B2FE}.Debug|Any CPU.Build.0 = Debug|Any CPU
		{0E0DF1AF-7F6F-4F30-A885-4BF82927B2FE}.Debug|x64.ActiveCfg = Debug|Any CPU
		{0E0DF1AF-7F6F-4F30-A885-4BF82927B2FE}.Debug|x64.Build.0 = Debug|Any CPU
		{0E0DF1AF-7F6F-4F30-A885-4BF82927B2FE}.Debug|x86.ActiveCfg = Debug|Any CPU
		{0E0DF1AF-7F6F-4F30-A885-4BF82927B2FE}.Debug|x86.Build.0 = Debug|Any CPU
		{0E0DF1AF-7F6F-4F30-A885-4BF82927B2FE}.Release|Any CPU.ActiveCfg = Release|Any CPU
		{0E0DF1AF-7F6F-4F30-A885-4BF82927B2FE}.Release|Any CPU.Build.0 = Release|Any CPU
		{0E0DF1AF-7F6F-4F30-A885-4BF82927B2FE}.Release|x64.ActiveCfg = Release|Any CPU
		{0E0DF1AF-7F6F-4F30-A885-4BF82927B2FE}.Release|x64.Build.0 = Release|Any CPU
		{0E0DF1AF-7F6F-4F30-A885-4BF82927B2FE}.Release|x86.ActiveCfg = Release|Any CPU
		{0E0DF1AF-7F6F-4F30-A885-4BF82927B2FE}.Release|x86.Build.0 = Release|Any CPU
		{5BFF909B-3EC0-4855-A6B7-309685C719FF}.Debug|Any CPU.ActiveCfg = Debug|Any CPU
		{5BFF909B-3EC0-4855-A6B7-309685C719FF}.Debug|Any CPU.Build.0 = Debug|Any CPU
		{5BFF909B-3EC0-4855-A6B7-309685C719FF}.Debug|x64.ActiveCfg = Debug|Any CPU
		{5BFF909B-3EC0-4855-A6B7-309685C719FF}.Debug|x64.Build.0 = Debug|Any CPU
		{5BFF909B-3EC0-4855-A6B7-309685C719FF}.Debug|x86.ActiveCfg = Debug|Any CPU
		{5BFF909B-3EC0-4855-A6B7-309685C719FF}.Debug|x86.Build.0 = Debug|Any CPU
		{5BFF909B-3EC0-4855-A6B7-309685C719FF}.Release|Any CPU.ActiveCfg = Release|Any CPU
		{5BFF909B-3EC0-4855-A6B7-309685C719FF}.Release|Any CPU.Build.0 = Release|Any CPU
		{5BFF909B-3EC0-4855-A6B7-309685C719FF}.Release|x64.ActiveCfg = Release|Any CPU
		{5BFF909B-3EC0-4855-A6B7-309685C719FF}.Release|x64.Build.0 = Release|Any CPU
		{5BFF909B-3EC0-4855-A6B7-309685C719FF}.Release|x86.ActiveCfg = Release|Any CPU
		{5BFF909B-3EC0-4855-A6B7-309685C719FF}.Release|x86.Build.0 = Release|Any CPU
		{24D85E94-B7DE-40C3-8029-D6C30C3A9C3F}.Debug|Any CPU.ActiveCfg = Debug|Any CPU
		{24D85E94-B7DE-40C3-8029-D6C30C3A9C3F}.Debug|Any CPU.Build.0 = Debug|Any CPU
		{24D85E94-B7DE-40C3-8029-D6C30C3A9C3F}.Debug|x64.ActiveCfg = Debug|Any CPU
		{24D85E94-B7DE-40C3-8029-D6C30C3A9C3F}.Debug|x64.Build.0 = Debug|Any CPU
		{24D85E94-B7DE-40C3-8029-D6C30C3A9C3F}.Debug|x86.ActiveCfg = Debug|Any CPU
		{24D85E94-B7DE-40C3-8029-D6C30C3A9C3F}.Debug|x86.Build.0 = Debug|Any CPU
		{24D85E94-B7DE-40C3-8029-D6C30C3A9C3F}.Release|Any CPU.ActiveCfg = Release|Any CPU
		{24D85E94-B7DE-40C3-8029-D6C30C3A9C3F}.Release|Any CPU.Build.0 = Release|Any CPU
		{24D85E94-B7DE-40C3-8029-D6C30C3A9C3F}.Release|x64.ActiveCfg = Release|Any CPU
		{24D85E94-B7DE-40C3-8029-D6C30C3A9C3F}.Release|x64.Build.0 = Release|Any CPU
		{24D85E94-B7DE-40C3-8029-D6C30C3A9C3F}.Release|x86.ActiveCfg = Release|Any CPU
		{24D85E94-B7DE-40C3-8029-D6C30C3A9C3F}.Release|x86.Build.0 = Release|Any CPU
		{22CB362E-0B63-4A27-BF2C-FA7528C56982}.Debug|Any CPU.ActiveCfg = Debug|Any CPU
		{22CB362E-0B63-4A27-BF2C-FA7528C56982}.Debug|Any CPU.Build.0 = Debug|Any CPU
		{22CB362E-0B63-4A27-BF2C-FA7528C56982}.Debug|x64.ActiveCfg = Debug|Any CPU
		{22CB362E-0B63-4A27-BF2C-FA7528C56982}.Debug|x64.Build.0 = Debug|Any CPU
		{22CB362E-0B63-4A27-BF2C-FA7528C56982}.Debug|x86.ActiveCfg = Debug|Any CPU
		{22CB362E-0B63-4A27-BF2C-FA7528C56982}.Debug|x86.Build.0 = Debug|Any CPU
		{22CB362E-0B63-4A27-BF2C-FA7528C56982}.Release|Any CPU.ActiveCfg = Release|Any CPU
		{22CB362E-0B63-4A27-BF2C-FA7528C56982}.Release|Any CPU.Build.0 = Release|Any CPU
		{22CB362E-0B63-4A27-BF2C-FA7528C56982}.Release|x64.ActiveCfg = Release|Any CPU
		{22CB362E-0B63-4A27-BF2C-FA7528C56982}.Release|x64.Build.0 = Release|Any CPU
		{22CB362E-0B63-4A27-BF2C-FA7528C56982}.Release|x86.ActiveCfg = Release|Any CPU
		{22CB362E-0B63-4A27-BF2C-FA7528C56982}.Release|x86.Build.0 = Release|Any CPU
		{A326E46B-19E9-4F53-87FE-7F5D864E71F1}.Debug|Any CPU.ActiveCfg = Debug|Any CPU
		{A326E46B-19E9-4F53-87FE-7F5D864E71F1}.Debug|Any CPU.Build.0 = Debug|Any CPU
		{A326E46B-19E9-4F53-87FE-7F5D864E71F1}.Debug|x64.ActiveCfg = Debug|Any CPU
		{A326E46B-19E9-4F53-87FE-7F5D864E71F1}.Debug|x64.Build.0 = Debug|Any CPU
		{A326E46B-19E9-4F53-87FE-7F5D864E71F1}.Debug|x86.ActiveCfg = Debug|Any CPU
		{A326E46B-19E9-4F53-87FE-7F5D864E71F1}.Debug|x86.Build.0 = Debug|Any CPU
		{A326E46B-19E9-4F53-87FE-7F5D864E71F1}.Release|Any CPU.ActiveCfg = Release|Any CPU
		{A326E46B-19E9-4F53-87FE-7F5D864E71F1}.Release|Any CPU.Build.0 = Release|Any CPU
		{A326E46B-19E9-4F53-87FE-7F5D864E71F1}.Release|x64.ActiveCfg = Release|Any CPU
		{A326E46B-19E9-4F53-87FE-7F5D864E71F1}.Release|x64.Build.0 = Release|Any CPU
		{A326E46B-19E9-4F53-87FE-7F5D864E71F1}.Release|x86.ActiveCfg = Release|Any CPU
		{A326E46B-19E9-4F53-87FE-7F5D864E71F1}.Release|x86.Build.0 = Release|Any CPU
		{75BF13C6-C69F-47A1-A333-0D919FC39728}.Debug|Any CPU.ActiveCfg = Debug|Any CPU
		{75BF13C6-C69F-47A1-A333-0D919FC39728}.Debug|Any CPU.Build.0 = Debug|Any CPU
		{75BF13C6-C69F-47A1-A333-0D919FC39728}.Debug|x64.ActiveCfg = Debug|Any CPU
		{75BF13C6-C69F-47A1-A333-0D919FC39728}.Debug|x64.Build.0 = Debug|Any CPU
		{75BF13C6-C69F-47A1-A333-0D919FC39728}.Debug|x86.ActiveCfg = Debug|Any CPU
		{75BF13C6-C69F-47A1-A333-0D919FC39728}.Debug|x86.Build.0 = Debug|Any CPU
		{75BF13C6-C69F-47A1-A333-0D919FC39728}.Release|Any CPU.ActiveCfg = Release|Any CPU
		{75BF13C6-C69F-47A1-A333-0D919FC39728}.Release|Any CPU.Build.0 = Release|Any CPU
		{75BF13C6-C69F-47A1-A333-0D919FC39728}.Release|x64.ActiveCfg = Release|Any CPU
		{75BF13C6-C69F-47A1-A333-0D919FC39728}.Release|x64.Build.0 = Release|Any CPU
		{75BF13C6-C69F-47A1-A333-0D919FC39728}.Release|x86.ActiveCfg = Release|Any CPU
		{75BF13C6-C69F-47A1-A333-0D919FC39728}.Release|x86.Build.0 = Release|Any CPU
		{8D704776-7B3C-4F20-AA2F-E4D9E37CACDB}.Debug|Any CPU.ActiveCfg = Debug|Any CPU
		{8D704776-7B3C-4F20-AA2F-E4D9E37CACDB}.Debug|Any CPU.Build.0 = Debug|Any CPU
		{8D704776-7B3C-4F20-AA2F-E4D9E37CACDB}.Debug|x64.ActiveCfg = Debug|Any CPU
		{8D704776-7B3C-4F20-AA2F-E4D9E37CACDB}.Debug|x64.Build.0 = Debug|Any CPU
		{8D704776-7B3C-4F20-AA2F-E4D9E37CACDB}.Debug|x86.ActiveCfg = Debug|Any CPU
		{8D704776-7B3C-4F20-AA2F-E4D9E37CACDB}.Debug|x86.Build.0 = Debug|Any CPU
		{8D704776-7B3C-4F20-AA2F-E4D9E37CACDB}.Release|Any CPU.ActiveCfg = Release|Any CPU
		{8D704776-7B3C-4F20-AA2F-E4D9E37CACDB}.Release|Any CPU.Build.0 = Release|Any CPU
		{8D704776-7B3C-4F20-AA2F-E4D9E37CACDB}.Release|x64.ActiveCfg = Release|Any CPU
		{8D704776-7B3C-4F20-AA2F-E4D9E37CACDB}.Release|x64.Build.0 = Release|Any CPU
		{8D704776-7B3C-4F20-AA2F-E4D9E37CACDB}.Release|x86.ActiveCfg = Release|Any CPU
		{8D704776-7B3C-4F20-AA2F-E4D9E37CACDB}.Release|x86.Build.0 = Release|Any CPU
		{7322AF0A-E183-4788-A27D-FA3280A6271A}.Debug|Any CPU.ActiveCfg = Debug|Any CPU
		{7322AF0A-E183-4788-A27D-FA3280A6271A}.Debug|Any CPU.Build.0 = Debug|Any CPU
		{7322AF0A-E183-4788-A27D-FA3280A6271A}.Debug|x64.ActiveCfg = Debug|Any CPU
		{7322AF0A-E183-4788-A27D-FA3280A6271A}.Debug|x64.Build.0 = Debug|Any CPU
		{7322AF0A-E183-4788-A27D-FA3280A6271A}.Debug|x86.ActiveCfg = Debug|Any CPU
		{7322AF0A-E183-4788-A27D-FA3280A6271A}.Debug|x86.Build.0 = Debug|Any CPU
		{7322AF0A-E183-4788-A27D-FA3280A6271A}.Release|Any CPU.ActiveCfg = Release|Any CPU
		{7322AF0A-E183-4788-A27D-FA3280A6271A}.Release|Any CPU.Build.0 = Release|Any CPU
		{7322AF0A-E183-4788-A27D-FA3280A6271A}.Release|x64.ActiveCfg = Release|Any CPU
		{7322AF0A-E183-4788-A27D-FA3280A6271A}.Release|x64.Build.0 = Release|Any CPU
		{7322AF0A-E183-4788-A27D-FA3280A6271A}.Release|x86.ActiveCfg = Release|Any CPU
		{7322AF0A-E183-4788-A27D-FA3280A6271A}.Release|x86.Build.0 = Release|Any CPU
		{80993C2A-3035-46BA-9E4B-104922E3698E}.Debug|Any CPU.ActiveCfg = Debug|Any CPU
		{80993C2A-3035-46BA-9E4B-104922E3698E}.Debug|Any CPU.Build.0 = Debug|Any CPU
		{80993C2A-3035-46BA-9E4B-104922E3698E}.Debug|x64.ActiveCfg = Debug|Any CPU
		{80993C2A-3035-46BA-9E4B-104922E3698E}.Debug|x64.Build.0 = Debug|Any CPU
		{80993C2A-3035-46BA-9E4B-104922E3698E}.Debug|x86.ActiveCfg = Debug|Any CPU
		{80993C2A-3035-46BA-9E4B-104922E3698E}.Debug|x86.Build.0 = Debug|Any CPU
		{80993C2A-3035-46BA-9E4B-104922E3698E}.Release|Any CPU.ActiveCfg = Release|Any CPU
		{80993C2A-3035-46BA-9E4B-104922E3698E}.Release|Any CPU.Build.0 = Release|Any CPU
		{80993C2A-3035-46BA-9E4B-104922E3698E}.Release|x64.ActiveCfg = Release|Any CPU
		{80993C2A-3035-46BA-9E4B-104922E3698E}.Release|x64.Build.0 = Release|Any CPU
		{80993C2A-3035-46BA-9E4B-104922E3698E}.Release|x86.ActiveCfg = Release|Any CPU
		{80993C2A-3035-46BA-9E4B-104922E3698E}.Release|x86.Build.0 = Release|Any CPU
	EndGlobalSection
	GlobalSection(SolutionProperties) = preSolution
		HideSolutionNode = FALSE
	EndGlobalSection
	GlobalSection(NestedProjects) = preSolution
		{FF06CFC9-4A33-420D-A6CE-809BEEC4F70D} = {BEE819FE-1960-4AAD-869F-A83ADF8D232A}
		{C5376ADF-309A-48DE-904C-B1FE1965C370} = {BEE819FE-1960-4AAD-869F-A83ADF8D232A}
		{0244C3BB-16F6-4669-9830-B72AA2999BC8} = {317B96A8-E8C4-4BD7-B21C-4C46A236BCD0}
		{A5518101-1F16-4B67-AB09-44B29249DDFE} = {955AAE89-EEE6-4C1E-BD8B-C0A52CC5C70C}
		{97BBE203-90D8-4B61-B396-506028239731} = {955AAE89-EEE6-4C1E-BD8B-C0A52CC5C70C}
		{BC021BAE-7F9C-4281-9BCA-E06FF91E5969} = {955AAE89-EEE6-4C1E-BD8B-C0A52CC5C70C}
		{A253F817-FA36-46CE-8995-E9BE7FF74371} = {955AAE89-EEE6-4C1E-BD8B-C0A52CC5C70C}
		{3EEAB05E-227B-4734-A019-D44688775279} = {46A97CAD-56BD-403F-BA8C-547CE3B015A0}
		{8F23318E-B1F6-45B0-AEF7-943B44827212} = {46A97CAD-56BD-403F-BA8C-547CE3B015A0}
		{1838A663-25F1-433B-B6A7-F481AEBBF570} = {46A97CAD-56BD-403F-BA8C-547CE3B015A0}
		{9B07F300-3CC5-4F95-827C-1BDCEBD288E0} = {955AAE89-EEE6-4C1E-BD8B-C0A52CC5C70C}
		{FDC5E24C-74A0-4E7E-9472-5ED92D75638E} = {955AAE89-EEE6-4C1E-BD8B-C0A52CC5C70C}
		{0E0DF1AF-7F6F-4F30-A885-4BF82927B2FE} = {955AAE89-EEE6-4C1E-BD8B-C0A52CC5C70C}
		{5BFF909B-3EC0-4855-A6B7-309685C719FF} = {955AAE89-EEE6-4C1E-BD8B-C0A52CC5C70C}
		{24D85E94-B7DE-40C3-8029-D6C30C3A9C3F} = {317B96A8-E8C4-4BD7-B21C-4C46A236BCD0}
		{22CB362E-0B63-4A27-BF2C-FA7528C56982} = {955AAE89-EEE6-4C1E-BD8B-C0A52CC5C70C}
		{A326E46B-19E9-4F53-87FE-7F5D864E71F1} = {955AAE89-EEE6-4C1E-BD8B-C0A52CC5C70C}
		{75BF13C6-C69F-47A1-A333-0D919FC39728} = {955AAE89-EEE6-4C1E-BD8B-C0A52CC5C70C}
		{8D704776-7B3C-4F20-AA2F-E4D9E37CACDB} = {955AAE89-EEE6-4C1E-BD8B-C0A52CC5C70C}
		{7322AF0A-E183-4788-A27D-FA3280A6271A} = {AEE18011-1612-41D9-A7E1-567B6B509EB0}
		{80993C2A-3035-46BA-9E4B-104922E3698E} = {AEE18011-1612-41D9-A7E1-567B6B509EB0}
	EndGlobalSection
EndGlobal
